
Microsoft Visual Studio Solution File, Format Version 12.00
# Visual Studio Version 17
VisualStudioVersion = 17.2.32630.192
MinimumVisualStudioVersion = 10.0.40219.1
Project("{FAE04EC0-301F-11D3-BF4B-00C04F79EFBC}") = "JitHub", "JitHub\JitHub.csproj", "{452E051F-938D-4F26-9D54-4598A97F8BEF}"
EndProject
Project("{FAE04EC0-301F-11D3-BF4B-00C04F79EFBC}") = "JitHub.Controls.Editor", "JitHub.Controls.Editor\JitHub.Controls.Editor.csproj", "{A0DEDBBB-E297-45F8-9D99-85EF175CB7F0}"
EndProject
Project("{FAE04EC0-301F-11D3-BF4B-00C04F79EFBC}") = "Markdig.UWP", "Markdig.UWP\Markdig.UWP.csproj", "{76BB207B-5175-4E9C-AF8C-ADD0EA67AD18}"
EndProject
Project("{FAE04EC0-301F-11D3-BF4B-00C04F79EFBC}") = "Markdig.Client.Markdig", "Markdig.Client.Markdig\Markdig.Client.Markdig.csproj", "{6C59FA04-F6B7-440C-9E25-0F336783E2E8}"
EndProject
Project("{FAE04EC0-301F-11D3-BF4B-00C04F79EFBC}") = "System.Text.Json.Viewer", "System.Text.Json.Viewer\System.Text.Json.Viewer.csproj", "{77FEF6A4-49A6-46D9-9144-97D876B4130C}"
EndProject
Project("{FAE04EC0-301F-11D3-BF4B-00C04F79EFBC}") = "JitHub.Services.GitHub.Contributions", "JitHub.Services.GitHub.Contributions\JitHub.Services.GitHub.Contributions.csproj", "{F178EB94-CB1E-4F0A-9C61-82FD5C1B6624}"
EndProject
Project("{FAE04EC0-301F-11D3-BF4B-00C04F79EFBC}") = "Utilities.Common", "Utilities.Common\Utilities.Common.csproj", "{001482E8-D779-442F-8920-276D0C3EF45D}"
EndProject
Project("{FAE04EC0-301F-11D3-BF4B-00C04F79EFBC}") = "JitHub.Utilities.SVG", "JitHub.Utilities.SVG\JitHub.Utilities.SVG.csproj", "{ACE52FF0-0A75-4B14-8D0F-464C9B09B85F}"
EndProject
Project("{FAE04EC0-301F-11D3-BF4B-00C04F79EFBC}") = "JitHub.WebView", "JitHub.WebView\JitHub.WebView.csproj", "{3BED258E-DF3F-4BD8-982A-5AD2C941C897}"
EndProject
Project("{9A19103F-16F7-4668-BE54-9A1E7A4F7556}") = "JitHub.Web", "JitHub.Web\JitHub.Web.csproj", "{64B790F5-C60E-46BB-BCC6-79ABADEC979F}"
EndProject
Project("{9A19103F-16F7-4668-BE54-9A1E7A4F7556}") = "JitHub.Auth", "JitHub.Auth\JitHub.Auth.csproj", "{2E4915B9-5BD3-4A50-87EF-068E37140213}"
EndProject
Project("{FAE04EC0-301F-11D3-BF4B-00C04F79EFBC}") = "JitHub.Worker", "JitHub.Worker\JitHub.Worker.csproj", "{5A35B17C-6489-4BB7-A9A4-1F34BABBFEB0}"
EndProject
Global
	GlobalSection(SolutionConfigurationPlatforms) = preSolution
		Debug|Any CPU = Debug|Any CPU
		Debug|ARM = Debug|ARM
		Debug|ARM64 = Debug|ARM64
		Debug|x64 = Debug|x64
		Debug|x86 = Debug|x86
		Release|Any CPU = Release|Any CPU
		Release|ARM = Release|ARM
		Release|ARM64 = Release|ARM64
		Release|x64 = Release|x64
		Release|x86 = Release|x86
	EndGlobalSection
	GlobalSection(ProjectConfigurationPlatforms) = postSolution
		{452E051F-938D-4F26-9D54-4598A97F8BEF}.Debug|Any CPU.ActiveCfg = Debug|x86
		{452E051F-938D-4F26-9D54-4598A97F8BEF}.Debug|ARM.ActiveCfg = Debug|ARM
		{452E051F-938D-4F26-9D54-4598A97F8BEF}.Debug|ARM.Build.0 = Debug|ARM
		{452E051F-938D-4F26-9D54-4598A97F8BEF}.Debug|ARM.Deploy.0 = Debug|ARM
		{452E051F-938D-4F26-9D54-4598A97F8BEF}.Debug|ARM64.ActiveCfg = Debug|ARM64
		{452E051F-938D-4F26-9D54-4598A97F8BEF}.Debug|ARM64.Build.0 = Debug|ARM64
		{452E051F-938D-4F26-9D54-4598A97F8BEF}.Debug|ARM64.Deploy.0 = Debug|ARM64
		{452E051F-938D-4F26-9D54-4598A97F8BEF}.Debug|x64.ActiveCfg = Debug|x64
		{452E051F-938D-4F26-9D54-4598A97F8BEF}.Debug|x64.Build.0 = Debug|x64
		{452E051F-938D-4F26-9D54-4598A97F8BEF}.Debug|x64.Deploy.0 = Debug|x64
		{452E051F-938D-4F26-9D54-4598A97F8BEF}.Debug|x86.ActiveCfg = Debug|x86
		{452E051F-938D-4F26-9D54-4598A97F8BEF}.Debug|x86.Build.0 = Debug|x86
		{452E051F-938D-4F26-9D54-4598A97F8BEF}.Debug|x86.Deploy.0 = Debug|x86
		{452E051F-938D-4F26-9D54-4598A97F8BEF}.Release|Any CPU.ActiveCfg = Release|x86
		{452E051F-938D-4F26-9D54-4598A97F8BEF}.Release|ARM.ActiveCfg = Release|ARM
		{452E051F-938D-4F26-9D54-4598A97F8BEF}.Release|ARM.Build.0 = Release|ARM
		{452E051F-938D-4F26-9D54-4598A97F8BEF}.Release|ARM.Deploy.0 = Release|ARM
		{452E051F-938D-4F26-9D54-4598A97F8BEF}.Release|ARM64.ActiveCfg = Release|ARM64
		{452E051F-938D-4F26-9D54-4598A97F8BEF}.Release|ARM64.Build.0 = Release|ARM64
		{452E051F-938D-4F26-9D54-4598A97F8BEF}.Release|ARM64.Deploy.0 = Release|ARM64
		{452E051F-938D-4F26-9D54-4598A97F8BEF}.Release|x64.ActiveCfg = Release|x64
		{452E051F-938D-4F26-9D54-4598A97F8BEF}.Release|x64.Build.0 = Release|x64
		{452E051F-938D-4F26-9D54-4598A97F8BEF}.Release|x64.Deploy.0 = Release|x64
		{452E051F-938D-4F26-9D54-4598A97F8BEF}.Release|x86.ActiveCfg = Release|x86
		{452E051F-938D-4F26-9D54-4598A97F8BEF}.Release|x86.Build.0 = Release|x86
		{452E051F-938D-4F26-9D54-4598A97F8BEF}.Release|x86.Deploy.0 = Release|x86
		{A0DEDBBB-E297-45F8-9D99-85EF175CB7F0}.Debug|Any CPU.ActiveCfg = Debug|Any CPU
		{A0DEDBBB-E297-45F8-9D99-85EF175CB7F0}.Debug|Any CPU.Build.0 = Debug|Any CPU
		{A0DEDBBB-E297-45F8-9D99-85EF175CB7F0}.Debug|ARM.ActiveCfg = Debug|ARM
		{A0DEDBBB-E297-45F8-9D99-85EF175CB7F0}.Debug|ARM.Build.0 = Debug|ARM
		{A0DEDBBB-E297-45F8-9D99-85EF175CB7F0}.Debug|ARM64.ActiveCfg = Debug|ARM64
		{A0DEDBBB-E297-45F8-9D99-85EF175CB7F0}.Debug|ARM64.Build.0 = Debug|ARM64
		{A0DEDBBB-E297-45F8-9D99-85EF175CB7F0}.Debug|x64.ActiveCfg = Debug|x64
		{A0DEDBBB-E297-45F8-9D99-85EF175CB7F0}.Debug|x64.Build.0 = Debug|x64
		{A0DEDBBB-E297-45F8-9D99-85EF175CB7F0}.Debug|x86.ActiveCfg = Debug|x86
		{A0DEDBBB-E297-45F8-9D99-85EF175CB7F0}.Debug|x86.Build.0 = Debug|x86
		{A0DEDBBB-E297-45F8-9D99-85EF175CB7F0}.Release|Any CPU.ActiveCfg = Release|Any CPU
		{A0DEDBBB-E297-45F8-9D99-85EF175CB7F0}.Release|Any CPU.Build.0 = Release|Any CPU
		{A0DEDBBB-E297-45F8-9D99-85EF175CB7F0}.Release|ARM.ActiveCfg = Release|ARM
		{A0DEDBBB-E297-45F8-9D99-85EF175CB7F0}.Release|ARM.Build.0 = Release|ARM
		{A0DEDBBB-E297-45F8-9D99-85EF175CB7F0}.Release|ARM64.ActiveCfg = Release|ARM64
		{A0DEDBBB-E297-45F8-9D99-85EF175CB7F0}.Release|ARM64.Build.0 = Release|ARM64
		{A0DEDBBB-E297-45F8-9D99-85EF175CB7F0}.Release|x64.ActiveCfg = Release|x64
		{A0DEDBBB-E297-45F8-9D99-85EF175CB7F0}.Release|x64.Build.0 = Release|x64
		{A0DEDBBB-E297-45F8-9D99-85EF175CB7F0}.Release|x86.ActiveCfg = Release|x86
		{A0DEDBBB-E297-45F8-9D99-85EF175CB7F0}.Release|x86.Build.0 = Release|x86
		{76BB207B-5175-4E9C-AF8C-ADD0EA67AD18}.Debug|Any CPU.ActiveCfg = Debug|Any CPU
		{76BB207B-5175-4E9C-AF8C-ADD0EA67AD18}.Debug|Any CPU.Build.0 = Debug|Any CPU
		{76BB207B-5175-4E9C-AF8C-ADD0EA67AD18}.Debug|ARM.ActiveCfg = Debug|ARM
		{76BB207B-5175-4E9C-AF8C-ADD0EA67AD18}.Debug|ARM.Build.0 = Debug|ARM
		{76BB207B-5175-4E9C-AF8C-ADD0EA67AD18}.Debug|ARM64.ActiveCfg = Debug|ARM64
		{76BB207B-5175-4E9C-AF8C-ADD0EA67AD18}.Debug|ARM64.Build.0 = Debug|ARM64
		{76BB207B-5175-4E9C-AF8C-ADD0EA67AD18}.Debug|x64.ActiveCfg = Debug|x64
		{76BB207B-5175-4E9C-AF8C-ADD0EA67AD18}.Debug|x64.Build.0 = Debug|x64
		{76BB207B-5175-4E9C-AF8C-ADD0EA67AD18}.Debug|x86.ActiveCfg = Debug|x86
		{76BB207B-5175-4E9C-AF8C-ADD0EA67AD18}.Debug|x86.Build.0 = Debug|x86
		{76BB207B-5175-4E9C-AF8C-ADD0EA67AD18}.Release|Any CPU.ActiveCfg = Release|Any CPU
		{76BB207B-5175-4E9C-AF8C-ADD0EA67AD18}.Release|Any CPU.Build.0 = Release|Any CPU
		{76BB207B-5175-4E9C-AF8C-ADD0EA67AD18}.Release|ARM.ActiveCfg = Release|ARM
		{76BB207B-5175-4E9C-AF8C-ADD0EA67AD18}.Release|ARM.Build.0 = Release|ARM
		{76BB207B-5175-4E9C-AF8C-ADD0EA67AD18}.Release|ARM64.ActiveCfg = Release|ARM64
		{76BB207B-5175-4E9C-AF8C-ADD0EA67AD18}.Release|ARM64.Build.0 = Release|ARM64
		{76BB207B-5175-4E9C-AF8C-ADD0EA67AD18}.Release|x64.ActiveCfg = Release|x64
		{76BB207B-5175-4E9C-AF8C-ADD0EA67AD18}.Release|x64.Build.0 = Release|x64
		{76BB207B-5175-4E9C-AF8C-ADD0EA67AD18}.Release|x86.ActiveCfg = Release|x86
		{76BB207B-5175-4E9C-AF8C-ADD0EA67AD18}.Release|x86.Build.0 = Release|x86
		{6C59FA04-F6B7-440C-9E25-0F336783E2E8}.Debug|Any CPU.ActiveCfg = Debug|x64
		{6C59FA04-F6B7-440C-9E25-0F336783E2E8}.Debug|Any CPU.Build.0 = Debug|x64
		{6C59FA04-F6B7-440C-9E25-0F336783E2E8}.Debug|Any CPU.Deploy.0 = Debug|x64
		{6C59FA04-F6B7-440C-9E25-0F336783E2E8}.Debug|ARM.ActiveCfg = Debug|ARM
		{6C59FA04-F6B7-440C-9E25-0F336783E2E8}.Debug|ARM.Build.0 = Debug|ARM
		{6C59FA04-F6B7-440C-9E25-0F336783E2E8}.Debug|ARM.Deploy.0 = Debug|ARM
		{6C59FA04-F6B7-440C-9E25-0F336783E2E8}.Debug|ARM64.ActiveCfg = Debug|ARM64
		{6C59FA04-F6B7-440C-9E25-0F336783E2E8}.Debug|ARM64.Build.0 = Debug|ARM64
		{6C59FA04-F6B7-440C-9E25-0F336783E2E8}.Debug|ARM64.Deploy.0 = Debug|ARM64
		{6C59FA04-F6B7-440C-9E25-0F336783E2E8}.Debug|x64.ActiveCfg = Debug|x64
		{6C59FA04-F6B7-440C-9E25-0F336783E2E8}.Debug|x64.Build.0 = Debug|x64
		{6C59FA04-F6B7-440C-9E25-0F336783E2E8}.Debug|x64.Deploy.0 = Debug|x64
		{6C59FA04-F6B7-440C-9E25-0F336783E2E8}.Debug|x86.ActiveCfg = Debug|x86
		{6C59FA04-F6B7-440C-9E25-0F336783E2E8}.Debug|x86.Build.0 = Debug|x86
		{6C59FA04-F6B7-440C-9E25-0F336783E2E8}.Debug|x86.Deploy.0 = Debug|x86
		{6C59FA04-F6B7-440C-9E25-0F336783E2E8}.Release|Any CPU.ActiveCfg = Release|x64
		{6C59FA04-F6B7-440C-9E25-0F336783E2E8}.Release|Any CPU.Build.0 = Release|x64
		{6C59FA04-F6B7-440C-9E25-0F336783E2E8}.Release|Any CPU.Deploy.0 = Release|x64
		{6C59FA04-F6B7-440C-9E25-0F336783E2E8}.Release|ARM.ActiveCfg = Release|ARM
		{6C59FA04-F6B7-440C-9E25-0F336783E2E8}.Release|ARM.Build.0 = Release|ARM
		{6C59FA04-F6B7-440C-9E25-0F336783E2E8}.Release|ARM.Deploy.0 = Release|ARM
		{6C59FA04-F6B7-440C-9E25-0F336783E2E8}.Release|ARM64.ActiveCfg = Release|ARM64
		{6C59FA04-F6B7-440C-9E25-0F336783E2E8}.Release|ARM64.Build.0 = Release|ARM64
		{6C59FA04-F6B7-440C-9E25-0F336783E2E8}.Release|ARM64.Deploy.0 = Release|ARM64
		{6C59FA04-F6B7-440C-9E25-0F336783E2E8}.Release|x64.ActiveCfg = Release|x64
		{6C59FA04-F6B7-440C-9E25-0F336783E2E8}.Release|x64.Build.0 = Release|x64
		{6C59FA04-F6B7-440C-9E25-0F336783E2E8}.Release|x64.Deploy.0 = Release|x64
		{6C59FA04-F6B7-440C-9E25-0F336783E2E8}.Release|x86.ActiveCfg = Release|x86
		{6C59FA04-F6B7-440C-9E25-0F336783E2E8}.Release|x86.Build.0 = Release|x86
		{6C59FA04-F6B7-440C-9E25-0F336783E2E8}.Release|x86.Deploy.0 = Release|x86
		{77FEF6A4-49A6-46D9-9144-97D876B4130C}.Debug|Any CPU.ActiveCfg = Debug|Any CPU
		{77FEF6A4-49A6-46D9-9144-97D876B4130C}.Debug|Any CPU.Build.0 = Debug|Any CPU
		{77FEF6A4-49A6-46D9-9144-97D876B4130C}.Debug|ARM.ActiveCfg = Debug|ARM
		{77FEF6A4-49A6-46D9-9144-97D876B4130C}.Debug|ARM.Build.0 = Debug|ARM
		{77FEF6A4-49A6-46D9-9144-97D876B4130C}.Debug|ARM64.ActiveCfg = Debug|ARM64
		{77FEF6A4-49A6-46D9-9144-97D876B4130C}.Debug|ARM64.Build.0 = Debug|ARM64
		{77FEF6A4-49A6-46D9-9144-97D876B4130C}.Debug|x64.ActiveCfg = Debug|x64
		{77FEF6A4-49A6-46D9-9144-97D876B4130C}.Debug|x64.Build.0 = Debug|x64
		{77FEF6A4-49A6-46D9-9144-97D876B4130C}.Debug|x86.ActiveCfg = Debug|x86
		{77FEF6A4-49A6-46D9-9144-97D876B4130C}.Debug|x86.Build.0 = Debug|x86
		{77FEF6A4-49A6-46D9-9144-97D876B4130C}.Release|Any CPU.ActiveCfg = Release|Any CPU
		{77FEF6A4-49A6-46D9-9144-97D876B4130C}.Release|Any CPU.Build.0 = Release|Any CPU
		{77FEF6A4-49A6-46D9-9144-97D876B4130C}.Release|ARM.ActiveCfg = Release|ARM
		{77FEF6A4-49A6-46D9-9144-97D876B4130C}.Release|ARM.Build.0 = Release|ARM
		{77FEF6A4-49A6-46D9-9144-97D876B4130C}.Release|ARM64.ActiveCfg = Release|ARM64
		{77FEF6A4-49A6-46D9-9144-97D876B4130C}.Release|ARM64.Build.0 = Release|ARM64
		{77FEF6A4-49A6-46D9-9144-97D876B4130C}.Release|x64.ActiveCfg = Release|x64
		{77FEF6A4-49A6-46D9-9144-97D876B4130C}.Release|x64.Build.0 = Release|x64
		{77FEF6A4-49A6-46D9-9144-97D876B4130C}.Release|x86.ActiveCfg = Release|x86
		{77FEF6A4-49A6-46D9-9144-97D876B4130C}.Release|x86.Build.0 = Release|x86
		{F178EB94-CB1E-4F0A-9C61-82FD5C1B6624}.Debug|Any CPU.ActiveCfg = Debug|Any CPU
		{F178EB94-CB1E-4F0A-9C61-82FD5C1B6624}.Debug|Any CPU.Build.0 = Debug|Any CPU
		{F178EB94-CB1E-4F0A-9C61-82FD5C1B6624}.Debug|ARM.ActiveCfg = Debug|ARM
		{F178EB94-CB1E-4F0A-9C61-82FD5C1B6624}.Debug|ARM.Build.0 = Debug|ARM
		{F178EB94-CB1E-4F0A-9C61-82FD5C1B6624}.Debug|ARM64.ActiveCfg = Debug|ARM64
		{F178EB94-CB1E-4F0A-9C61-82FD5C1B6624}.Debug|ARM64.Build.0 = Debug|ARM64
		{F178EB94-CB1E-4F0A-9C61-82FD5C1B6624}.Debug|x64.ActiveCfg = Debug|x64
		{F178EB94-CB1E-4F0A-9C61-82FD5C1B6624}.Debug|x64.Build.0 = Debug|x64
		{F178EB94-CB1E-4F0A-9C61-82FD5C1B6624}.Debug|x86.ActiveCfg = Debug|x86
		{F178EB94-CB1E-4F0A-9C61-82FD5C1B6624}.Debug|x86.Build.0 = Debug|x86
		{F178EB94-CB1E-4F0A-9C61-82FD5C1B6624}.Release|Any CPU.ActiveCfg = Release|Any CPU
		{F178EB94-CB1E-4F0A-9C61-82FD5C1B6624}.Release|Any CPU.Build.0 = Release|Any CPU
		{F178EB94-CB1E-4F0A-9C61-82FD5C1B6624}.Release|ARM.ActiveCfg = Release|ARM
		{F178EB94-CB1E-4F0A-9C61-82FD5C1B6624}.Release|ARM.Build.0 = Release|ARM
		{F178EB94-CB1E-4F0A-9C61-82FD5C1B6624}.Release|ARM64.ActiveCfg = Release|ARM64
		{F178EB94-CB1E-4F0A-9C61-82FD5C1B6624}.Release|ARM64.Build.0 = Release|ARM64
		{F178EB94-CB1E-4F0A-9C61-82FD5C1B6624}.Release|x64.ActiveCfg = Release|x64
		{F178EB94-CB1E-4F0A-9C61-82FD5C1B6624}.Release|x64.Build.0 = Release|x64
		{F178EB94-CB1E-4F0A-9C61-82FD5C1B6624}.Release|x86.ActiveCfg = Release|x86
		{F178EB94-CB1E-4F0A-9C61-82FD5C1B6624}.Release|x86.Build.0 = Release|x86
		{001482E8-D779-442F-8920-276D0C3EF45D}.Debug|Any CPU.ActiveCfg = Debug|Any CPU
		{001482E8-D779-442F-8920-276D0C3EF45D}.Debug|Any CPU.Build.0 = Debug|Any CPU
		{001482E8-D779-442F-8920-276D0C3EF45D}.Debug|ARM.ActiveCfg = Debug|ARM
		{001482E8-D779-442F-8920-276D0C3EF45D}.Debug|ARM.Build.0 = Debug|ARM
		{001482E8-D779-442F-8920-276D0C3EF45D}.Debug|ARM64.ActiveCfg = Debug|ARM64
		{001482E8-D779-442F-8920-276D0C3EF45D}.Debug|ARM64.Build.0 = Debug|ARM64
		{001482E8-D779-442F-8920-276D0C3EF45D}.Debug|x64.ActiveCfg = Debug|x64
		{001482E8-D779-442F-8920-276D0C3EF45D}.Debug|x64.Build.0 = Debug|x64
		{001482E8-D779-442F-8920-276D0C3EF45D}.Debug|x86.ActiveCfg = Debug|x86
		{001482E8-D779-442F-8920-276D0C3EF45D}.Debug|x86.Build.0 = Debug|x86
		{001482E8-D779-442F-8920-276D0C3EF45D}.Release|Any CPU.ActiveCfg = Release|Any CPU
		{001482E8-D779-442F-8920-276D0C3EF45D}.Release|Any CPU.Build.0 = Release|Any CPU
		{001482E8-D779-442F-8920-276D0C3EF45D}.Release|ARM.ActiveCfg = Release|ARM
		{001482E8-D779-442F-8920-276D0C3EF45D}.Release|ARM.Build.0 = Release|ARM
		{001482E8-D779-442F-8920-276D0C3EF45D}.Release|ARM64.ActiveCfg = Release|ARM64
		{001482E8-D779-442F-8920-276D0C3EF45D}.Release|ARM64.Build.0 = Release|ARM64
		{001482E8-D779-442F-8920-276D0C3EF45D}.Release|x64.ActiveCfg = Release|x64
		{001482E8-D779-442F-8920-276D0C3EF45D}.Release|x64.Build.0 = Release|x64
		{001482E8-D779-442F-8920-276D0C3EF45D}.Release|x86.ActiveCfg = Release|x86
		{001482E8-D779-442F-8920-276D0C3EF45D}.Release|x86.Build.0 = Release|x86
		{ACE52FF0-0A75-4B14-8D0F-464C9B09B85F}.Debug|Any CPU.ActiveCfg = Debug|Any CPU
		{ACE52FF0-0A75-4B14-8D0F-464C9B09B85F}.Debug|Any CPU.Build.0 = Debug|Any CPU
		{ACE52FF0-0A75-4B14-8D0F-464C9B09B85F}.Debug|ARM.ActiveCfg = Debug|ARM
		{ACE52FF0-0A75-4B14-8D0F-464C9B09B85F}.Debug|ARM.Build.0 = Debug|ARM
		{ACE52FF0-0A75-4B14-8D0F-464C9B09B85F}.Debug|ARM64.ActiveCfg = Debug|ARM64
		{ACE52FF0-0A75-4B14-8D0F-464C9B09B85F}.Debug|ARM64.Build.0 = Debug|ARM64
		{ACE52FF0-0A75-4B14-8D0F-464C9B09B85F}.Debug|x64.ActiveCfg = Debug|x64
		{ACE52FF0-0A75-4B14-8D0F-464C9B09B85F}.Debug|x64.Build.0 = Debug|x64
		{ACE52FF0-0A75-4B14-8D0F-464C9B09B85F}.Debug|x86.ActiveCfg = Debug|x86
		{ACE52FF0-0A75-4B14-8D0F-464C9B09B85F}.Debug|x86.Build.0 = Debug|x86
		{ACE52FF0-0A75-4B14-8D0F-464C9B09B85F}.Release|Any CPU.ActiveCfg = Release|Any CPU
		{ACE52FF0-0A75-4B14-8D0F-464C9B09B85F}.Release|Any CPU.Build.0 = Release|Any CPU
		{ACE52FF0-0A75-4B14-8D0F-464C9B09B85F}.Release|ARM.ActiveCfg = Release|ARM
		{ACE52FF0-0A75-4B14-8D0F-464C9B09B85F}.Release|ARM.Build.0 = Release|ARM
		{ACE52FF0-0A75-4B14-8D0F-464C9B09B85F}.Release|ARM64.ActiveCfg = Release|ARM64
		{ACE52FF0-0A75-4B14-8D0F-464C9B09B85F}.Release|ARM64.Build.0 = Release|ARM64
		{ACE52FF0-0A75-4B14-8D0F-464C9B09B85F}.Release|x64.ActiveCfg = Release|x64
		{ACE52FF0-0A75-4B14-8D0F-464C9B09B85F}.Release|x64.Build.0 = Release|x64
		{ACE52FF0-0A75-4B14-8D0F-464C9B09B85F}.Release|x86.ActiveCfg = Release|x86
		{ACE52FF0-0A75-4B14-8D0F-464C9B09B85F}.Release|x86.Build.0 = Release|x86
		{3BED258E-DF3F-4BD8-982A-5AD2C941C897}.Debug|Any CPU.ActiveCfg = Debug|Any CPU
		{3BED258E-DF3F-4BD8-982A-5AD2C941C897}.Debug|Any CPU.Build.0 = Debug|Any CPU
		{3BED258E-DF3F-4BD8-982A-5AD2C941C897}.Debug|ARM.ActiveCfg = Debug|ARM
		{3BED258E-DF3F-4BD8-982A-5AD2C941C897}.Debug|ARM.Build.0 = Debug|ARM
		{3BED258E-DF3F-4BD8-982A-5AD2C941C897}.Debug|ARM64.ActiveCfg = Debug|ARM64
		{3BED258E-DF3F-4BD8-982A-5AD2C941C897}.Debug|ARM64.Build.0 = Debug|ARM64
		{3BED258E-DF3F-4BD8-982A-5AD2C941C897}.Debug|x64.ActiveCfg = Debug|x64
		{3BED258E-DF3F-4BD8-982A-5AD2C941C897}.Debug|x64.Build.0 = Debug|x64
		{3BED258E-DF3F-4BD8-982A-5AD2C941C897}.Debug|x86.ActiveCfg = Debug|x86
		{3BED258E-DF3F-4BD8-982A-5AD2C941C897}.Debug|x86.Build.0 = Debug|x86
		{3BED258E-DF3F-4BD8-982A-5AD2C941C897}.Release|Any CPU.ActiveCfg = Release|Any CPU
		{3BED258E-DF3F-4BD8-982A-5AD2C941C897}.Release|Any CPU.Build.0 = Release|Any CPU
		{3BED258E-DF3F-4BD8-982A-5AD2C941C897}.Release|ARM.ActiveCfg = Release|ARM
		{3BED258E-DF3F-4BD8-982A-5AD2C941C897}.Release|ARM.Build.0 = Release|ARM
		{3BED258E-DF3F-4BD8-982A-5AD2C941C897}.Release|ARM64.ActiveCfg = Release|ARM64
		{3BED258E-DF3F-4BD8-982A-5AD2C941C897}.Release|ARM64.Build.0 = Release|ARM64
		{3BED258E-DF3F-4BD8-982A-5AD2C941C897}.Release|x64.ActiveCfg = Release|x64
		{3BED258E-DF3F-4BD8-982A-5AD2C941C897}.Release|x64.Build.0 = Release|x64
		{3BED258E-DF3F-4BD8-982A-5AD2C941C897}.Release|x86.ActiveCfg = Release|x86
		{3BED258E-DF3F-4BD8-982A-5AD2C941C897}.Release|x86.Build.0 = Release|x86
		{64B790F5-C60E-46BB-BCC6-79ABADEC979F}.Debug|Any CPU.ActiveCfg = Debug|Any CPU
		{64B790F5-C60E-46BB-BCC6-79ABADEC979F}.Debug|Any CPU.Build.0 = Debug|Any CPU
		{64B790F5-C60E-46BB-BCC6-79ABADEC979F}.Debug|ARM.ActiveCfg = Debug|Any CPU
		{64B790F5-C60E-46BB-BCC6-79ABADEC979F}.Debug|ARM.Build.0 = Debug|Any CPU
		{64B790F5-C60E-46BB-BCC6-79ABADEC979F}.Debug|ARM64.ActiveCfg = Debug|Any CPU
		{64B790F5-C60E-46BB-BCC6-79ABADEC979F}.Debug|ARM64.Build.0 = Debug|Any CPU
		{64B790F5-C60E-46BB-BCC6-79ABADEC979F}.Debug|x64.ActiveCfg = Debug|Any CPU
		{64B790F5-C60E-46BB-BCC6-79ABADEC979F}.Debug|x64.Build.0 = Debug|Any CPU
		{64B790F5-C60E-46BB-BCC6-79ABADEC979F}.Debug|x86.ActiveCfg = Debug|Any CPU
		{64B790F5-C60E-46BB-BCC6-79ABADEC979F}.Debug|x86.Build.0 = Debug|Any CPU
		{64B790F5-C60E-46BB-BCC6-79ABADEC979F}.Release|Any CPU.ActiveCfg = Release|Any CPU
		{64B790F5-C60E-46BB-BCC6-79ABADEC979F}.Release|Any CPU.Build.0 = Release|Any CPU
		{64B790F5-C60E-46BB-BCC6-79ABADEC979F}.Release|ARM.ActiveCfg = Release|Any CPU
		{64B790F5-C60E-46BB-BCC6-79ABADEC979F}.Release|ARM.Build.0 = Release|Any CPU
		{64B790F5-C60E-46BB-BCC6-79ABADEC979F}.Release|ARM64.ActiveCfg = Release|Any CPU
		{64B790F5-C60E-46BB-BCC6-79ABADEC979F}.Release|ARM64.Build.0 = Release|Any CPU
		{64B790F5-C60E-46BB-BCC6-79ABADEC979F}.Release|x64.ActiveCfg = Release|Any CPU
		{64B790F5-C60E-46BB-BCC6-79ABADEC979F}.Release|x64.Build.0 = Release|Any CPU
		{64B790F5-C60E-46BB-BCC6-79ABADEC979F}.Release|x86.ActiveCfg = Release|Any CPU
		{64B790F5-C60E-46BB-BCC6-79ABADEC979F}.Release|x86.Build.0 = Release|Any CPU
		{2E4915B9-5BD3-4A50-87EF-068E37140213}.Debug|Any CPU.ActiveCfg = Debug|Any CPU
		{2E4915B9-5BD3-4A50-87EF-068E37140213}.Debug|Any CPU.Build.0 = Debug|Any CPU
		{2E4915B9-5BD3-4A50-87EF-068E37140213}.Debug|ARM.ActiveCfg = Debug|Any CPU
		{2E4915B9-5BD3-4A50-87EF-068E37140213}.Debug|ARM.Build.0 = Debug|Any CPU
		{2E4915B9-5BD3-4A50-87EF-068E37140213}.Debug|ARM64.ActiveCfg = Debug|Any CPU
		{2E4915B9-5BD3-4A50-87EF-068E37140213}.Debug|ARM64.Build.0 = Debug|Any CPU
		{2E4915B9-5BD3-4A50-87EF-068E37140213}.Debug|x64.ActiveCfg = Debug|Any CPU
		{2E4915B9-5BD3-4A50-87EF-068E37140213}.Debug|x64.Build.0 = Debug|Any CPU
		{2E4915B9-5BD3-4A50-87EF-068E37140213}.Debug|x86.ActiveCfg = Debug|Any CPU
		{2E4915B9-5BD3-4A50-87EF-068E37140213}.Debug|x86.Build.0 = Debug|Any CPU
		{2E4915B9-5BD3-4A50-87EF-068E37140213}.Release|Any CPU.ActiveCfg = Release|Any CPU
		{2E4915B9-5BD3-4A50-87EF-068E37140213}.Release|Any CPU.Build.0 = Release|Any CPU
		{2E4915B9-5BD3-4A50-87EF-068E37140213}.Release|ARM.ActiveCfg = Release|Any CPU
		{2E4915B9-5BD3-4A50-87EF-068E37140213}.Release|ARM.Build.0 = Release|Any CPU
		{2E4915B9-5BD3-4A50-87EF-068E37140213}.Release|ARM64.ActiveCfg = Release|Any CPU
		{2E4915B9-5BD3-4A50-87EF-068E37140213}.Release|ARM64.Build.0 = Release|Any CPU
		{2E4915B9-5BD3-4A50-87EF-068E37140213}.Release|x64.ActiveCfg = Release|Any CPU
		{2E4915B9-5BD3-4A50-87EF-068E37140213}.Release|x64.Build.0 = Release|Any CPU
		{2E4915B9-5BD3-4A50-87EF-068E37140213}.Release|x86.ActiveCfg = Release|Any CPU
		{2E4915B9-5BD3-4A50-87EF-068E37140213}.Release|x86.Build.0 = Release|Any CPU
		{5A35B17C-6489-4BB7-A9A4-1F34BABBFEB0}.Debug|Any CPU.ActiveCfg = Debug|Any CPU
		{5A35B17C-6489-4BB7-A9A4-1F34BABBFEB0}.Debug|Any CPU.Build.0 = Debug|Any CPU
		{5A35B17C-6489-4BB7-A9A4-1F34BABBFEB0}.Debug|ARM.ActiveCfg = Debug|ARM
		{5A35B17C-6489-4BB7-A9A4-1F34BABBFEB0}.Debug|ARM.Build.0 = Debug|ARM
		{5A35B17C-6489-4BB7-A9A4-1F34BABBFEB0}.Debug|ARM64.ActiveCfg = Debug|ARM64
		{5A35B17C-6489-4BB7-A9A4-1F34BABBFEB0}.Debug|ARM64.Build.0 = Debug|ARM64
		{5A35B17C-6489-4BB7-A9A4-1F34BABBFEB0}.Debug|x64.ActiveCfg = Debug|x64
		{5A35B17C-6489-4BB7-A9A4-1F34BABBFEB0}.Debug|x64.Build.0 = Debug|x64
		{5A35B17C-6489-4BB7-A9A4-1F34BABBFEB0}.Debug|x86.ActiveCfg = Debug|x86
		{5A35B17C-6489-4BB7-A9A4-1F34BABBFEB0}.Debug|x86.Build.0 = Debug|x86
		{5A35B17C-6489-4BB7-A9A4-1F34BABBFEB0}.Release|Any CPU.ActiveCfg = Release|Any CPU
		{5A35B17C-6489-4BB7-A9A4-1F34BABBFEB0}.Release|Any CPU.Build.0 = Release|Any CPU
		{5A35B17C-6489-4BB7-A9A4-1F34BABBFEB0}.Release|ARM.ActiveCfg = Release|ARM
		{5A35B17C-6489-4BB7-A9A4-1F34BABBFEB0}.Release|ARM.Build.0 = Release|ARM
		{5A35B17C-6489-4BB7-A9A4-1F34BABBFEB0}.Release|ARM64.ActiveCfg = Release|ARM64
		{5A35B17C-6489-4BB7-A9A4-1F34BABBFEB0}.Release|ARM64.Build.0 = Release|ARM64
		{5A35B17C-6489-4BB7-A9A4-1F34BABBFEB0}.Release|x64.ActiveCfg = Release|x64
		{5A35B17C-6489-4BB7-A9A4-1F34BABBFEB0}.Release|x64.Build.0 = Release|x64
		{5A35B17C-6489-4BB7-A9A4-1F34BABBFEB0}.Release|x86.ActiveCfg = Release|x86
		{5A35B17C-6489-4BB7-A9A4-1F34BABBFEB0}.Release|x86.Build.0 = Release|x86
	EndGlobalSection
	GlobalSection(SolutionProperties) = preSolution
		HideSolutionNode = FALSE
	EndGlobalSection
	GlobalSection(ExtensibilityGlobals) = postSolution
		SolutionGuid = {7F7BED3F-4284-41A8-BDA9-FABE415A42DB}
	EndGlobalSection
EndGlobal
