{
  "version": 1,
  "dependencies": {
    "net10.0-windows10.0.26100": {
      "CommunityToolkit.Mvvm": {
        "type": "Direct",
        "requested": "[8.4.2, )",
        "resolved": "8.4.2",
        "contentHash": "WadCzGEc2U+3e20avRLng4qNtt4zoOGWrdUISqJWrHe3/FSnrYjuM5Sb4yQb09LhkBXrrI4Zt3dLKgRMbItsrg=="
      },
      "CommunityToolkit.WinUI.Animations": {
        "type": "Direct",
        "requested": "[8.2.251219, )",
        "resolved": "8.2.251219",
        "contentHash": "EHSppVx23OqAMq/biy5rffq+9q0sOQ/tOUzOnaLwH4sc3Be+kZw0s8qG8KN7P0tCm48IFtxoaQ+HF1LC0IZSGA==",
        "dependencies": {
          "CommunityToolkit.WinUI.Extensions": "8.2.251219",
          "Microsoft.WindowsAppSDK": "1.6.250108002"
        }
      },
      "CommunityToolkit.WinUI.Controls.Primitives": {
        "type": "Direct",
        "requested": "[8.2.251219, )",
        "resolved": "8.2.251219",
        "contentHash": "80ebdM1RvzrgZW24wFi5P+in5uaLouuXVdo0+X9uBCsoohijC9JD5gX/XCx9CP6dfP0DK+n0tA39RTOEZWLZjw==",
        "dependencies": {
          "CommunityToolkit.WinUI.Extensions": "8.2.251219",
          "Microsoft.WindowsAppSDK": "1.6.250108002"
        }
      },
      "CommunityToolkit.WinUI.Controls.Segmented": {
        "type": "Direct",
        "requested": "[8.2.251219, )",
        "resolved": "8.2.251219",
        "contentHash": "HobW6MT+WpEvLSmjcSEw84lAxk4XYxI7v1a4ZWjva5lfz1W2kAXenWWlRl+Kypaod8axcy+m3Gw9iHoHm9/M4g==",
        "dependencies": {
          "CommunityToolkit.WinUI.Extensions": "8.2.251219",
          "Microsoft.WindowsAppSDK": "1.6.250108002"
        }
      },
      "CommunityToolkit.WinUI.Controls.SettingsControls": {
        "type": "Direct",
        "requested": "[8.2.251219, )",
        "resolved": "8.2.251219",
        "contentHash": "BAuRi34AOBCYXK/obT9Fwzt9KtxhPrO67yNINXF6+Dit4sAiwtVgehN9y/dJHco96/zZiTX3yF85mBjRyw6AXQ==",
        "dependencies": {
          "CommunityToolkit.WinUI.Triggers": "8.2.251219",
          "Microsoft.WindowsAppSDK": "1.6.250108002"
        }
      },
      "CommunityToolkit.WinUI.Controls.Sizers": {
        "type": "Direct",
        "requested": "[8.2.250402, )",
        "resolved": "8.2.250402",
        "contentHash": "8kWJX+TxUyYbLFPpzoivtYPnSI9kgBGL1dfdsteQSw6Yq69v7mv/Z3emTLHqBJXOi9WKCiq2HNhKXuCH18/ctA==",
        "dependencies": {
          "CommunityToolkit.WinUI.Extensions": "8.2.250402",
          "Microsoft.WindowsAppSDK": "1.6.250108002"
        }
      },
      "CommunityToolkit.WinUI.UI.Controls.DataGrid": {
        "type": "Direct",
        "requested": "[7.1.2, )",
        "resolved": "7.1.2",
        "contentHash": "F73oYdYza8zhDwGHdXCZJJMeiDJ6nR97WPe180o7jOX3U90ZIqvU/GtYZdN3/x8DOS48t5GQG70LqxfyIGeaxw==",
        "dependencies": {
          "Microsoft.WindowsAppSDK": "1.0.0"
        }
      },
      "CsvHelper": {
        "type": "Direct",
        "requested": "[33.1.0, )",
        "resolved": "33.1.0",
        "contentHash": "kqfTOZGrn7NarNeXgjh86JcpTHUoeQDMB8t9NVa/ZtlSYiV1rxfRnQ49WaJsob4AiGrbK0XDzpyKkBwai4F8eg=="
      },
      "Microsoft.Data.Sqlite": {
        "type": "Direct",
        "requested": "[10.0.8, )",
        "resolved": "10.0.8",
        "contentHash": "iyDWyD6r/SnqgoYYQIlLhxL1ZIGZr+SByMXrJKSA1w7sOt7bPMJmN3h2laqwKqyQkjh/lUPJ7LTXwpvqzhggOQ==",
        "dependencies": {
          "Microsoft.Data.Sqlite.Core": "10.0.8",
          "SQLitePCLRaw.bundle_e_sqlite3": "2.1.11",
          "SQLitePCLRaw.core": "2.1.11"
        }
      },
      "Microsoft.Extensions.Configuration.Binder": {
        "type": "Direct",
        "requested": "[10.0.0, )",
        "resolved": "10.0.0",
        "contentHash": "tMF9wNh+hlyYDWB8mrFCQHQmWHlRosol1b/N2Jrefy1bFLnuTlgSYmPyHNmz8xVQgs7DpXytBRWxGhG+mSTp0g==",
        "dependencies": {
          "Microsoft.Extensions.Configuration": "10.0.0",
          "Microsoft.Extensions.Configuration.Abstractions": "10.0.0"
        }
      },
      "Microsoft.Extensions.Configuration.Json": {
        "type": "Direct",
        "requested": "[10.0.0, )",
        "resolved": "10.0.0",
        "contentHash": "BIOPTEAZoeWbHlDT9Zudu+rpecZizFwhdIFRiyZKDml7JbayXmfTXKUt+ezifsSXfBkWDdJM10oDOxo8pufEng==",
        "dependencies": {
          "Microsoft.Extensions.Configuration": "10.0.0",
          "Microsoft.Extensions.Configuration.Abstractions": "10.0.0",
          "Microsoft.Extensions.Configuration.FileExtensions": "10.0.0",
          "Microsoft.Extensions.FileProviders.Abstractions": "10.0.0"
        }
      },
      "Microsoft.Extensions.DependencyInjection": {
        "type": "Direct",
        "requested": "[10.0.0, )",
        "resolved": "10.0.0",
        "contentHash": "f0RBabswJq+gRu5a+hWIobrLWiUYPKMhCD9WO3sYBAdSy3FFH14LMvLVFZc2kPSCimBLxSuitUhsd6tb0TAY6A==",
        "dependencies": {
          "Microsoft.Extensions.DependencyInjection.Abstractions": "10.0.0"
        }
      },
      "Microsoft.Graphics.Win2D": {
        "type": "Direct",
        "requested": "[1.4.0, )",
        "resolved": "1.4.0",
        "contentHash": "/04yyf3xEOxeBK+SXxGB6OYLjXBVuujcLQF04mREcRcBT59IMI+oDbXOZZG2c/mJL8kKFC8r3wqz6MyA6IP3oA==",
        "dependencies": {
          "Microsoft.WindowsAppSDK.WinUI": "1.8.260204000"
        }
      },
      "Microsoft.Services.Store.SDK": {
        "type": "Direct",
        "requested": "[10.1705.16001, )",
        "resolved": "10.1705.16001",
        "contentHash": "y8sJGduBBhWKASgHvhatWh5nXWzuVHo445Cb/cvyudC7SpkF5/T2bC5zXVjcRX4dgFX4bme+Y9n6JD+J2GaLbw==",
        "dependencies": {
          "Microsoft.Advertising.JS": "10.1705.16001",
          "Microsoft.Advertising.Xaml": "10.1705.16001",
          "Microsoft.Services.Store.Engagement": "10.1610.0"
        }
      },
      "Microsoft.Windows.SDK.BuildTools": {
        "type": "Direct",
        "requested": "[10.0.28000.1721, )",
        "resolved": "10.0.28000.1721",
        "contentHash": "uZvcBnNFklWdlZXuXtb+opS5oi4TdMAsEDT9r2nbWeG1WhkWh2B6IFyHyYYLEhINkVz1HMPGKckJvNq0AaVW+w=="
      },
      "Microsoft.WindowsAppSDK": {
        "type": "Direct",
        "requested": "[1.8.260317003, )",
        "resolved": "1.8.260317003",
        "contentHash": "gJ78mbsatwWB67OPeZ6PFz0PSOttvSsp4E7Xb6/1Ls7ZIJtRrsLix4e0DGVWrE8AlQuBYJMc157gyOtQTx5TRw==",
        "dependencies": {
          "Microsoft.WindowsAppSDK.AI": "[1.8.53]",
          "Microsoft.WindowsAppSDK.Base": "[1.8.251216001]",
          "Microsoft.WindowsAppSDK.DWrite": "[1.8.25122902]",
          "Microsoft.WindowsAppSDK.Foundation": "[1.8.260222000]",
          "Microsoft.WindowsAppSDK.InteractiveExperiences": "[1.8.260125001]",
          "Microsoft.WindowsAppSDK.ML": "[1.8.2141]",
          "Microsoft.WindowsAppSDK.Runtime": "[1.8.260317003]",
          "Microsoft.WindowsAppSDK.Widgets": "[1.8.251231004]",
          "Microsoft.WindowsAppSDK.WinUI": "[1.8.260224000]"
        }
      },
      "Microsoft.Xaml.Behaviors.WinUI.Managed": {
        "type": "Direct",
        "requested": "[3.0.1, )",
        "resolved": "3.0.1",
        "contentHash": "2YetkQhWIKCTwex5kH+VaZO+jcUUxGT6ofrQqYsWAPl6nCSZsIU2yXDSzUiXegfTLson1i4SqPLoBfDeVLNCMQ==",
        "dependencies": {
          "Microsoft.WindowsAppSDK.WinUI": "1.8.250906003"
        }
      },
      "SkiaSharp": {
        "type": "Direct",
        "requested": "[3.119.2, )",
        "resolved": "3.119.2",
        "contentHash": "nmy2dOFWPvQKMglfpjz8+/xQQcSrL9jzul3cUyzCJVSwrmSAw+6B1sEgU7jt6NZBptwGq2k/V0kjyu2GizMFtg==",
        "dependencies": {
          "SkiaSharp.NativeAssets.Win32": "3.119.2"
        }
      },
      "SkiaSharp.Views.WinUI": {
        "type": "Direct",
        "requested": "[3.119.2, )",
        "resolved": "3.119.2",
        "contentHash": "J1ybrKZ1dpasD5X717MWdZZnysrmwtOBAwowatAqWXhMcEjzYVRLal+h9DyPSwg4vsfFJ6oJJMD5wAT7CCDvOg==",
        "dependencies": {
          "Microsoft.WindowsAppSDK": "1.4.230913002",
          "SkiaSharp": "3.119.2",
          "SkiaSharp.NativeAssets.WinUI": "3.119.2"
        }
      },
      "SQLitePCLRaw.bundle_e_sqlite3": {
        "type": "Direct",
        "requested": "[3.0.3, )",
        "resolved": "3.0.3",
        "contentHash": "Zt8jmSL5zcDWGk8rmzhWBJ6IRyLWh1yWS04Pg72+GIvo3Ba4E/rG4Y/4l7AWlSEogEbzyKRTCXUAs1v/O7Pkkg==",
        "dependencies": {
          "SQLitePCLRaw.config.e_sqlite3": "3.0.3",
          "SourceGear.sqlite3": "3.50.4.5"
        }
      },
      "Svg.Skia": {
        "type": "Direct",
        "requested": "[4.6.0, )",
        "resolved": "4.6.0",
        "contentHash": "xLyhsX5Szr4JhKkVy3AJjKK8blzZfRLZDAwbWeFeB2QnocCUVCaeAiNQ1gP/PtVxGJcc9//XgafKxe7AaAuTaA==",
        "dependencies": {
          "HarfBuzzSharp": "7.3.0.3",
          "HarfBuzzSharp.NativeAssets.Linux": "7.3.0.3",
          "HarfBuzzSharp.NativeAssets.Win32": "7.3.0.3",
          "HarfBuzzSharp.NativeAssets.macOS": "7.3.0.3",
          "SkiaSharp": "2.88.9",
          "Svg.Animation": "4.6.0",
          "Svg.Custom": "4.6.0",
          "Svg.JavaScript": "4.6.0",
          "Svg.Model": "4.6.0",
          "Svg.SceneGraph": "4.6.0"
        }
      },
      "WinUIEdit": {
        "type": "Direct",
        "requested": "[0.0.4-prerelease, )",
        "resolved": "0.0.4-prerelease",
        "contentHash": "ww0lv7O764FX420nRJ5826QfqmcKDmBDRay35ICyjWh0i8tv2QSGsp4xVXtjcWWvpS7zDH/QI4DKtzRnndQyHw=="
      },
      "Acornima": {
        "type": "Transitive",
        "resolved": "1.4.0",
        "contentHash": "3M7NpnhKL//pf7HkSfLJaGQ37uksibdqfa9YuUov1VOX0QXapZeYCUpURZ9an4VMt9wJ70MU/PeAsjhw8DwtJw=="
      },
      "CommunityToolkit.Common": {
        "type": "Transitive",
        "resolved": "8.2.1",
        "contentHash": "LWuhy8cQKJ/MYcy3XafJ916U3gPH/YDvYoNGWyQWN11aiEKCZszzPOTJAOvBjP9yG8vHmIcCyPUt4L82OK47Iw=="
      },
      "CommunityToolkit.WinUI.Extensions": {
        "type": "Transitive",
        "resolved": "8.2.251219",
        "contentHash": "7ydxHF7jRl889qymGihhng4Yy5hFCxTxw+iKFM4XBo27bBAJxzr45Iu7GIZrydY5lhEgsG+xE4ZCA6HccNFxNA==",
        "dependencies": {
          "CommunityToolkit.Common": "8.2.1",
          "Microsoft.WindowsAppSDK": "1.6.250108002"
        }
      },
      "CommunityToolkit.WinUI.Helpers": {
        "type": "Transitive",
        "resolved": "8.2.251219",
        "contentHash": "Ksyd6yoItNnZSae3901n04pwM81h34kHPrR+pGYd5OxBAR7NVksFJBi1r2xcJV1Rg/bg+40blHJsZk85KgF/cw==",
        "dependencies": {
          "CommunityToolkit.WinUI.Extensions": "8.2.251219",
          "Microsoft.WindowsAppSDK": "1.6.250108002"
        }
      },
      "CommunityToolkit.WinUI.Triggers": {
        "type": "Transitive",
        "resolved": "8.2.251219",
        "contentHash": "E1D5jZ93hI2VkDJjHFvVPdwWBYG7gubx/zw9mS3aOL60rhroGuy9Jq/WqzL+VNaKFzsXZ4CZ0ivjOP7/SLGxIg==",
        "dependencies": {
          "CommunityToolkit.WinUI.Helpers": "8.2.251219",
          "Microsoft.WindowsAppSDK": "1.6.250108002"
        }
      },
      "ExCSS": {
        "type": "Transitive",
        "resolved": "4.3.1",
        "contentHash": "A8UtcghHQlWxPJhJF5bsfEYO7068JHGTuJ7tzyyMjd5fE/N/xY1cVOUhzuLLFwMOCJVnM4mqSQc93W9fGfZ1kA=="
      },
      "HarfBuzzSharp": {
        "type": "Transitive",
        "resolved": "7.3.0.3",
        "contentHash": "Hq+5+gx10coOvuRgB13KBwiWxJq1QeYuhtVLbA01ZCWaugOnolUahF44KvrQTUUHDNk/C7HB6SMaebsZeOdhgg==",
        "dependencies": {
          "HarfBuzzSharp.NativeAssets.Win32": "7.3.0.3",
          "HarfBuzzSharp.NativeAssets.macOS": "7.3.0.3"
        }
      },
      "HarfBuzzSharp.NativeAssets.Linux": {
        "type": "Transitive",
        "resolved": "7.3.0.3",
        "contentHash": "hkcHeTfOyIeJuPtO/QfoqkDvV/MXebZYaA/Bn/S+nXsjH3Wt9oQ6okH2kklYO+1UUdBSJFd67bi9IrpQXI2mPw==",
        "dependencies": {
          "HarfBuzzSharp": "7.3.0.3"
        }
      },
      "HarfBuzzSharp.NativeAssets.macOS": {
        "type": "Transitive",
        "resolved": "7.3.0.3",
        "contentHash": "UAwIYnkbBTzBJv1Id8FijY/i8QiIepRemSXufU8fyzwWhYJdx4+ajG8yQUie5HW/uusbVLFSr26muSlJOFDgSw=="
      },
      "HarfBuzzSharp.NativeAssets.Win32": {
        "type": "Transitive",
        "resolved": "7.3.0.3",
        "contentHash": "RPxRXD16KtSs8Yxr2RK9Qs7AwyN9MlpqZIYs0AvfaJwl7RAtVhC0+u2f2SKwX0uMYYd3O98Z+OBA1sj6aWVKQA=="
      },
      "Jint": {
        "type": "Transitive",
        "resolved": "4.8.0",
        "contentHash": "JlXh13WDivP2izPgS9jeUlzyP//hsHUGhGb33EQHLuRiLhdwJ0ajaYjVETnqnkIQay/qP6NHglxx/40bL0/ihQ==",
        "dependencies": {
          "Acornima": "1.4.0"
        }
      },
      "Markdig": {
        "type": "Transitive",
        "resolved": "0.42.0",
        "contentHash": "tINdftVfbTujqfPXrQOSl9/6XCS2Y4Zwz+i7UPBgxRNnDtI1CjyQ5UA/5sKoSOmfECyWkTztY/vbcc/u1DA8nA=="
      },
      "Microsoft.Advertising.JS": {
        "type": "Transitive",
        "resolved": "10.1705.16001",
        "contentHash": "KXOS+bpaCjh0J8Pko4/cF3iIFXzCwzyANZQtXM17+HguJUosPzM5WFpPnH7AjpYkEmncfvebTIJv5QyFE6ibpA=="
      },
      "Microsoft.Advertising.XAML": {
        "type": "Transitive",
        "resolved": "10.1705.16001",
        "contentHash": "RXr72MGPhrDz/iRIJWM3s9VsYKQET/ti2B8P17Cc8yjJRUziFUtPcgdwrflfnexSknIC48B1SDz1L5SjwhXsUg=="
      },
      "Microsoft.Data.Sqlite.Core": {
        "type": "Transitive",
        "resolved": "10.0.8",
        "contentHash": "26t7WDiEjjAls/sFpWvVEFDxt+7Q5VPt6+blU2Lafuj9L8PzAv/GtGV4cqVPtrhWbfD2BX/z2v8hD1qXYtK6Aw==",
        "dependencies": {
          "SQLitePCLRaw.core": "2.1.11"
        }
      },
      "Microsoft.Extensions.Configuration": {
        "type": "Transitive",
        "resolved": "10.0.0",
        "contentHash": "H4SWETCh/cC5L1WtWchHR6LntGk3rDTTznZMssr4cL8IbDmMWBxY+MOGDc/ASnqNolLKPIWHWeuC1ddiL/iNPw==",
        "dependencies": {
          "Microsoft.Extensions.Configuration.Abstractions": "10.0.0",
          "Microsoft.Extensions.Primitives": "10.0.0"
        }
      },
      "Microsoft.Extensions.Configuration.Abstractions": {
        "type": "Transitive",
        "resolved": "10.0.0",
        "contentHash": "d2kDKnCsJvY7mBVhcjPSp9BkJk48DsaHPg5u+Oy4f8XaOqnEedRy/USyvnpHL92wpJ6DrTPy7htppUUzskbCXQ==",
        "dependencies": {
          "Microsoft.Extensions.Primitives": "10.0.0"
        }
      },
      "Microsoft.Extensions.Configuration.FileExtensions": {
        "type": "Transitive",
        "resolved": "10.0.0",
        "contentHash": "LqCTyF0twrG4tyEN6PpSC5ewRBDwCBazRUfCOdRddwaQ3n2S57GDDeYOlTLcbV/V2dxSSZWg5Ofr48h6BsBmxw==",
        "dependencies": {
          "Microsoft.Extensions.Configuration": "10.0.0",
          "Microsoft.Extensions.Configuration.Abstractions": "10.0.0",
          "Microsoft.Extensions.FileProviders.Abstractions": "10.0.0",
          "Microsoft.Extensions.FileProviders.Physical": "10.0.0",
          "Microsoft.Extensions.Primitives": "10.0.0"
        }
      },
      "Microsoft.Extensions.DependencyInjection.Abstractions": {
        "type": "Transitive",
        "resolved": "10.0.0",
        "contentHash": "L3AdmZ1WOK4XXT5YFPEwyt0ep6l8lGIPs7F5OOBZc77Zqeo01Of7XXICy47628sdVl0v/owxYJTe86DTgFwKCA=="
      },
      "Microsoft.Extensions.FileProviders.Abstractions": {
        "type": "Transitive",
        "resolved": "10.0.0",
        "contentHash": "/ppSdehKk3fuXjlqCDgSOtjRK/pSHU8eWgzSHfHdwVm5BP4Dgejehkw+PtxKG2j98qTDEHDst2Y99aNsmJldmw==",
        "dependencies": {
          "Microsoft.Extensions.Primitives": "10.0.0"
        }
      },
      "Microsoft.Extensions.FileProviders.Physical": {
        "type": "Transitive",
        "resolved": "10.0.0",
        "contentHash": "UZUQ74lQMmvcprlG8w+XpxBbyRDQqfb7GAnccITw32hdkUBlmm9yNC4xl4aR9YjgV3ounZcub194sdmLSfBmPA==",
        "dependencies": {
          "Microsoft.Extensions.FileProviders.Abstractions": "10.0.0",
          "Microsoft.Extensions.FileSystemGlobbing": "10.0.0",
          "Microsoft.Extensions.Primitives": "10.0.0"
        }
      },
      "Microsoft.Extensions.FileSystemGlobbing": {
        "type": "Transitive",
        "resolved": "10.0.0",
        "contentHash": "5hfVl/e+bx1px2UkN+1xXhd3hu7Ui6ENItBzckFaRDQXfr+SHT/7qrCDrlQekCF/PBtEu2vtk87U2+gDEF8EhQ=="
      },
      "Microsoft.Extensions.Primitives": {
        "type": "Transitive",
        "resolved": "10.0.0",
        "contentHash": "inRnbpCS0nwO/RuoZIAqxQUuyjaknOOnCEZB55KSMMjRhl0RQDttSmLSGsUJN3RQ3ocf5NDLFd2mOQViHqMK5w=="
      },
      "Microsoft.Services.Store.Engagement": {
        "type": "Transitive",
        "resolved": "10.1610.0",
        "contentHash": "wHdY3PxAHD4tLYSNiLn575R7P73VZSYXM7sapyqfB4w9nbbukDvbjJS5gyzbs9NPzGhOtki9LH0CikaJ8gNFKQ=="
      },
      "Microsoft.Web.WebView2": {
        "type": "Transitive",
        "resolved": "1.0.3179.45",
        "contentHash": "3pokSH5CnN0G6rGhGFo1y87inxYhNxBQ2Vdf0wlvBj99KHxQJormjDACmqRnFeUsmuNFIhWwfAL1ztq7wD5qRA=="
      },
      "Microsoft.Windows.SDK.BuildTools.MSIX": {
        "type": "Transitive",
        "resolved": "1.7.20250829.1",
        "contentHash": "IMdvRmCIZnBS5GkYnv0po1bcx6U1OF39pqA4TphQ9evDzpCRoSE19/PkDvlUNNrBavTsLIEJgd/TAIFner75ow=="
      },
      "Microsoft.WindowsAppSDK.AI": {
        "type": "Transitive",
        "resolved": "1.8.53",
        "contentHash": "bRzx+VwQY/OXxFJYML9riOrds7sBrCNpDG6Aok8KiH+TcdE6HnWjNzxJBDe/dQRTXQO5OQa9I7LNjN8NAZ1fjg==",
        "dependencies": {
          "Microsoft.WindowsAppSDK.Base": "1.8.251216001",
          "Microsoft.WindowsAppSDK.Foundation": "1.8.260222000"
        }
      },
      "Microsoft.WindowsAppSDK.Base": {
        "type": "Transitive",
        "resolved": "1.8.251216001",
        "contentHash": "PS1wriuFknz3W2F2P/e6RvOTM35w89Lsj/f0QmUEPrJjKnc+jM0JLX1vfdytI14y1gNRUTm9uclwP0aH/SVU5w==",
        "dependencies": {
          "Microsoft.Windows.SDK.BuildTools": "10.0.26100.4654",
          "Microsoft.Windows.SDK.BuildTools.MSIX": "1.7.20250829.1"
        }
      },
      "Microsoft.WindowsAppSDK.DWrite": {
        "type": "Transitive",
        "resolved": "1.8.25122902",
        "contentHash": "zFNn07i7Cyz62Y8FnPQAyzeZK7ww3m9t42i9pzy4C04pNbyUDQ4fG7pB6VSh6n4EyFuYtuFQuDzt4mKmXFrkrg==",
        "dependencies": {
          "Microsoft.WindowsAppSDK.Base": "1.8.251216001"
        }
      },
      "Microsoft.WindowsAppSDK.Foundation": {
        "type": "Transitive",
        "resolved": "1.8.260222000",
        "contentHash": "6YkttVINPZJU1wN2Mp3W9jStVxtStfZ/i/VJfRnGd+vIpBTDyNPdG4xV3Vj6Kcn4VU72fKJFhNHg6nR5t8nqEg==",
        "dependencies": {
          "Microsoft.WindowsAppSDK.Base": "1.8.251216001",
          "Microsoft.WindowsAppSDK.InteractiveExperiences": "1.8.260125001"
        }
      },
      "Microsoft.WindowsAppSDK.InteractiveExperiences": {
        "type": "Transitive",
        "resolved": "1.8.260125001",
        "contentHash": "CTGFd1zhIDbnOltZ6piPvpNXFR1OaNyW3vHvhaILzpGziAgj5DPuVnU3PUp1p5iOBd382FLCBVM6nEPyu/LCOA==",
        "dependencies": {
          "Microsoft.WindowsAppSDK.Base": "1.8.251216001"
        }
      },
      "Microsoft.WindowsAppSDK.ML": {
        "type": "Transitive",
        "resolved": "1.8.2141",
        "contentHash": "A707h4Fg0Z4y5lWOJMacWUNQxZ01Iceat2iS8cMggLj4pe/NmbtehBQAgvaVKbsHN8V4F+SlJL+c7fAjXJjWJQ==",
        "dependencies": {
          "Microsoft.WindowsAppSDK.Base": "1.8.251216001",
          "Microsoft.WindowsAppSDK.Foundation": "1.8.260222000",
          "System.Numerics.Tensors": "9.0.0"
        }
      },
      "Microsoft.WindowsAppSDK.Runtime": {
        "type": "Transitive",
        "resolved": "1.8.260317003",
        "contentHash": "sLhPQoFHywDZLMvLTzjErOMvZJkRtzYRW0vQhumT9UqZI700sygbmnbuyCkjyvrmEnsNB9iVAiYbKf93OVBWXA==",
        "dependencies": {
          "Microsoft.WindowsAppSDK.Base": "1.8.251216001"
        }
      },
      "Microsoft.WindowsAppSDK.Widgets": {
        "type": "Transitive",
        "resolved": "1.8.251231004",
        "contentHash": "bIWqQYR8DCoB1SoPOMil5AtgtkTn438wJTdpsHgyO/6o7Eh7PMP5BzrR0KbDsFqy+4LhPWQ4vtwko5k93fECcA==",
        "dependencies": {
          "Microsoft.WindowsAppSDK.Base": "1.8.251216001"
        }
      },
      "Microsoft.WindowsAppSDK.WinUI": {
        "type": "Transitive",
        "resolved": "1.8.260224000",
        "contentHash": "w3k3qK6gvJU0RgkP6gQUgvgUbuYvLP4OeQA+0Vrx+4mJtwCB+6D9LOhzFNVVq3y0yrW5eoPT4xeDQALTbpe2Sw==",
        "dependencies": {
          "Microsoft.Web.WebView2": "1.0.3179.45",
          "Microsoft.WindowsAppSDK.Base": "1.8.251216001",
          "Microsoft.WindowsAppSDK.Foundation": "1.8.260222000",
          "Microsoft.WindowsAppSDK.InteractiveExperiences": "1.8.260125001"
        }
      },
      "ShimSkiaSharp": {
        "type": "Transitive",
        "resolved": "4.6.0",
        "contentHash": "KALIdRdTDzlvbBWKesVHY0DeccoD/LXgBLQOwQhO5e45tLB5W+enz1zmjOPGfpbtLlwco44TS7+s8p7ziii8+A=="
      },
      "SkiaSharp.NativeAssets.Win32": {
        "type": "Transitive",
        "resolved": "3.119.2",
        "contentHash": "uYe+da6+GXVgPKkCopzvIZ83DmC8SXXKeUAPrNcztJNsg0SjPQAxfKMOPZqmVjbzznrq/QUIjLUlJSZV/e0IPA=="
      },
      "SkiaSharp.NativeAssets.WinUI": {
        "type": "Transitive",
        "resolved": "3.119.2",
        "contentHash": "B7sCTr9OVT1SaseTULITvUYKr+C17OBKRMWekKyyo4526/CdhX5KWEsXR0PT8eh54oYSxxCkU6PU+OSE5Wl+3g=="
      },
      "SourceGear.sqlite3": {
        "type": "Transitive",
        "resolved": "3.50.4.5",
        "contentHash": "UtnipXhJYZKQOQIfpws/msLK7IRhMplE1CZCaZLIQXRnGD474QVpO/J9nMlQQY8NZueGz1aidjoxDRnrC1NT3Q=="
      },
      "SQLitePCLRaw.config.e_sqlite3": {
        "type": "Transitive",
        "resolved": "3.0.3",
        "contentHash": "caP/ap0X2fyVmstCXu5ueOmcr2XWAxA2XyKghV7H4bOAFmq3nWcsGl9q44iY1HYG+i8Qr4G9XEqdfti0rV6/ZQ==",
        "dependencies": {
          "SQLitePCLRaw.provider.e_sqlite3": "3.0.3"
        }
      },
      "SQLitePCLRaw.core": {
        "type": "Transitive",
        "resolved": "3.0.3",
        "contentHash": "bjm6FY4lZyP+t7GmiuvSM0QXpFihAvyE0Y9O2yibm3g95AAWJPNnHOKVNJGyPTGIKuK7Pr4Wh8Rd8/aOtAclQw=="
      },
      "SQLitePCLRaw.provider.e_sqlite3": {
        "type": "Transitive",
        "resolved": "3.0.3",
        "contentHash": "wd+fGvZTrr3BJNe48opSczmC176Okd61ZgoZNQcdvZwkek6to978ccdpcFmNo5GHxCnk29KwT+f+lAZYgfLVZg==",
        "dependencies": {
          "SQLitePCLRaw.core": "3.0.3"
        }
      },
      "Svg.Animation": {
        "type": "Transitive",
        "resolved": "4.6.0",
        "contentHash": "GQF18++e8Bh2lFNfdnhCIMADO0tCJ122OmoNi0VzdwXHmdQBpkVO3xkptgnPFv4ZPn5ZLgOG1KP0phtv4NZQng==",
        "dependencies": {
          "ShimSkiaSharp": "4.6.0",
          "SkiaSharp": "2.88.9",
          "Svg.Custom": "4.6.0",
          "Svg.Model": "4.6.0"
        }
      },
      "Svg.Custom": {
        "type": "Transitive",
        "resolved": "4.6.0",
        "contentHash": "nPa9PjaUbkvKhVtMrx0BtHNs7AGI8nUdOcA1oIECwXQX+/9nnZlWqNwZysiL4QdR0fw00J4OKrFQPkzDSKZSMg==",
        "dependencies": {
          "ExCSS": "4.3.1"
        }
      },
      "Svg.JavaScript": {
        "type": "Transitive",
        "resolved": "4.6.0",
        "contentHash": "55msuIyxN9kLA+fznFiVFweV+at+s1rManxLztsICxMzWiwP69Glj/bQ8n5Qkn5J0k9f32vh5s7h8QNlxLgIAw==",
        "dependencies": {
          "Jint": "4.8.0",
          "ShimSkiaSharp": "4.6.0",
          "Svg.Custom": "4.6.0",
          "Svg.Model": "4.6.0",
          "Svg.SceneGraph": "4.6.0"
        }
      },
      "Svg.Model": {
        "type": "Transitive",
        "resolved": "4.6.0",
        "contentHash": "Qyy33wI1s2LxxmpwhsN2rgUASOMwwDQry+Z+qVnnaaWQ1cgWhSerognrzkm6lU1aTd18e9F0T1537EyEtbWgwA==",
        "dependencies": {
          "ShimSkiaSharp": "4.6.0",
          "Svg.Custom": "4.6.0"
        }
      },
      "Svg.SceneGraph": {
        "type": "Transitive",
        "resolved": "4.6.0",
        "contentHash": "K9ao0d1c4k6t599CICpIu7Jk9fs9YnQAKZ5fRZVdT7FyzTzyhoHHkUPmb4s0+vrr0b3C7wjZLzEeDYSrrCNr1w==",
        "dependencies": {
          "ShimSkiaSharp": "4.6.0",
          "Svg.Custom": "4.6.0",
          "Svg.Model": "4.6.0"
        }
      },
      "System.Numerics.Tensors": {
        "type": "Transitive",
        "resolved": "9.0.0",
        "contentHash": "hyJB4UlpAi19Xr9AXzu2NuagKC4lPfHObNMEAA0HmqFz2rX7wKgzeYzO/jM/eBHDhnUGFFEjk5cOoJaxqg5J4A=="
      },
      "markdownrenderer": {
        "type": "Project",
        "dependencies": {
          "Markdig": "[0.42.0, )",
          "Microsoft.Graphics.Win2D": "[1.4.0, )",
          "Microsoft.Windows.SDK.BuildTools": "[10.0.28000.1721, )",
          "Microsoft.WindowsAppSDK": "[1.8.260317003, )"
        }
      },
      "markdownrenderer.gfm": {
        "type": "Project",
        "dependencies": {
          "MarkdownRenderer": "[0.1.0, )"
        }
      }
    },
    "net10.0-windows10.0.26100/win-arm64": {
      "Microsoft.Graphics.Win2D": {
        "type": "Direct",
        "requested": "[1.4.0, )",
        "resolved": "1.4.0",
        "contentHash": "/04yyf3xEOxeBK+SXxGB6OYLjXBVuujcLQF04mREcRcBT59IMI+oDbXOZZG2c/mJL8kKFC8r3wqz6MyA6IP3oA==",
        "dependencies": {
          "Microsoft.WindowsAppSDK.WinUI": "1.8.260204000"
        }
      },
      "WinUIEdit": {
        "type": "Direct",
        "requested": "[0.0.4-prerelease, )",
        "resolved": "0.0.4-prerelease",
        "contentHash": "ww0lv7O764FX420nRJ5826QfqmcKDmBDRay35ICyjWh0i8tv2QSGsp4xVXtjcWWvpS7zDH/QI4DKtzRnndQyHw=="
      },
      "HarfBuzzSharp.NativeAssets.Linux": {
        "type": "Transitive",
        "resolved": "7.3.0.3",
        "contentHash": "hkcHeTfOyIeJuPtO/QfoqkDvV/MXebZYaA/Bn/S+nXsjH3Wt9oQ6okH2kklYO+1UUdBSJFd67bi9IrpQXI2mPw==",
        "dependencies": {
          "HarfBuzzSharp": "7.3.0.3"
        }
      },
      "HarfBuzzSharp.NativeAssets.macOS": {
        "type": "Transitive",
        "resolved": "7.3.0.3",
        "contentHash": "UAwIYnkbBTzBJv1Id8FijY/i8QiIepRemSXufU8fyzwWhYJdx4+ajG8yQUie5HW/uusbVLFSr26muSlJOFDgSw=="
      },
      "HarfBuzzSharp.NativeAssets.Win32": {
        "type": "Transitive",
        "resolved": "7.3.0.3",
        "contentHash": "RPxRXD16KtSs8Yxr2RK9Qs7AwyN9MlpqZIYs0AvfaJwl7RAtVhC0+u2f2SKwX0uMYYd3O98Z+OBA1sj6aWVKQA=="
      },
      "Microsoft.Web.WebView2": {
        "type": "Transitive",
        "resolved": "1.0.3179.45",
        "contentHash": "3pokSH5CnN0G6rGhGFo1y87inxYhNxBQ2Vdf0wlvBj99KHxQJormjDACmqRnFeUsmuNFIhWwfAL1ztq7wD5qRA=="
      },
      "Microsoft.WindowsAppSDK.Foundation": {
        "type": "Transitive",
        "resolved": "1.8.260222000",
        "contentHash": "6YkttVINPZJU1wN2Mp3W9jStVxtStfZ/i/VJfRnGd+vIpBTDyNPdG4xV3Vj6Kcn4VU72fKJFhNHg6nR5t8nqEg==",
        "dependencies": {
          "Microsoft.WindowsAppSDK.Base": "1.8.251216001",
          "Microsoft.WindowsAppSDK.InteractiveExperiences": "1.8.260125001"
        }
      },
      "SkiaSharp.NativeAssets.Win32": {
        "type": "Transitive",
        "resolved": "3.119.2",
        "contentHash": "uYe+da6+GXVgPKkCopzvIZ83DmC8SXXKeUAPrNcztJNsg0SjPQAxfKMOPZqmVjbzznrq/QUIjLUlJSZV/e0IPA=="
      },
      "SkiaSharp.NativeAssets.WinUI": {
        "type": "Transitive",
        "resolved": "3.119.2",
        "contentHash": "B7sCTr9OVT1SaseTULITvUYKr+C17OBKRMWekKyyo4526/CdhX5KWEsXR0PT8eh54oYSxxCkU6PU+OSE5Wl+3g=="
      },
      "SourceGear.sqlite3": {
        "type": "Transitive",
        "resolved": "3.50.4.5",
        "contentHash": "UtnipXhJYZKQOQIfpws/msLK7IRhMplE1CZCaZLIQXRnGD474QVpO/J9nMlQQY8NZueGz1aidjoxDRnrC1NT3Q=="
      }
    },
    "net10.0-windows10.0.26100/win-x64": {
      "Microsoft.Graphics.Win2D": {
        "type": "Direct",
        "requested": "[1.4.0, )",
        "resolved": "1.4.0",
        "contentHash": "/04yyf3xEOxeBK+SXxGB6OYLjXBVuujcLQF04mREcRcBT59IMI+oDbXOZZG2c/mJL8kKFC8r3wqz6MyA6IP3oA==",
        "dependencies": {
          "Microsoft.WindowsAppSDK.WinUI": "1.8.260204000"
        }
      },
      "WinUIEdit": {
        "type": "Direct",
        "requested": "[0.0.4-prerelease, )",
        "resolved": "0.0.4-prerelease",
        "contentHash": "ww0lv7O764FX420nRJ5826QfqmcKDmBDRay35ICyjWh0i8tv2QSGsp4xVXtjcWWvpS7zDH/QI4DKtzRnndQyHw=="
      },
      "HarfBuzzSharp.NativeAssets.Linux": {
        "type": "Transitive",
        "resolved": "7.3.0.3",
        "contentHash": "hkcHeTfOyIeJuPtO/QfoqkDvV/MXebZYaA/Bn/S+nXsjH3Wt9oQ6okH2kklYO+1UUdBSJFd67bi9IrpQXI2mPw==",
        "dependencies": {
          "HarfBuzzSharp": "7.3.0.3"
        }
      },
      "HarfBuzzSharp.NativeAssets.macOS": {
        "type": "Transitive",
        "resolved": "7.3.0.3",
        "contentHash": "UAwIYnkbBTzBJv1Id8FijY/i8QiIepRemSXufU8fyzwWhYJdx4+ajG8yQUie5HW/uusbVLFSr26muSlJOFDgSw=="
      },
      "HarfBuzzSharp.NativeAssets.Win32": {
        "type": "Transitive",
        "resolved": "7.3.0.3",
        "contentHash": "RPxRXD16KtSs8Yxr2RK9Qs7AwyN9MlpqZIYs0AvfaJwl7RAtVhC0+u2f2SKwX0uMYYd3O98Z+OBA1sj6aWVKQA=="
      },
      "Microsoft.Web.WebView2": {
        "type": "Transitive",
        "resolved": "1.0.3179.45",
        "contentHash": "3pokSH5CnN0G6rGhGFo1y87inxYhNxBQ2Vdf0wlvBj99KHxQJormjDACmqRnFeUsmuNFIhWwfAL1ztq7wD5qRA=="
      },
      "Microsoft.WindowsAppSDK.Foundation": {
        "type": "Transitive",
        "resolved": "1.8.260222000",
        "contentHash": "6YkttVINPZJU1wN2Mp3W9jStVxtStfZ/i/VJfRnGd+vIpBTDyNPdG4xV3Vj6Kcn4VU72fKJFhNHg6nR5t8nqEg==",
        "dependencies": {
          "Microsoft.WindowsAppSDK.Base": "1.8.251216001",
          "Microsoft.WindowsAppSDK.InteractiveExperiences": "1.8.260125001"
        }
      },
      "SkiaSharp.NativeAssets.Win32": {
        "type": "Transitive",
        "resolved": "3.119.2",
        "contentHash": "uYe+da6+GXVgPKkCopzvIZ83DmC8SXXKeUAPrNcztJNsg0SjPQAxfKMOPZqmVjbzznrq/QUIjLUlJSZV/e0IPA=="
      },
      "SkiaSharp.NativeAssets.WinUI": {
        "type": "Transitive",
        "resolved": "3.119.2",
        "contentHash": "B7sCTr9OVT1SaseTULITvUYKr+C17OBKRMWekKyyo4526/CdhX5KWEsXR0PT8eh54oYSxxCkU6PU+OSE5Wl+3g=="
      },
      "SourceGear.sqlite3": {
        "type": "Transitive",
        "resolved": "3.50.4.5",
        "contentHash": "UtnipXhJYZKQOQIfpws/msLK7IRhMplE1CZCaZLIQXRnGD474QVpO/J9nMlQQY8NZueGz1aidjoxDRnrC1NT3Q=="
      }
    },
    "net10.0-windows10.0.26100/win-x86": {
      "Microsoft.Graphics.Win2D": {
        "type": "Direct",
        "requested": "[1.4.0, )",
        "resolved": "1.4.0",
        "contentHash": "/04yyf3xEOxeBK+SXxGB6OYLjXBVuujcLQF04mREcRcBT59IMI+oDbXOZZG2c/mJL8kKFC8r3wqz6MyA6IP3oA==",
        "dependencies": {
          "Microsoft.WindowsAppSDK.WinUI": "1.8.260204000"
        }
      },
      "WinUIEdit": {
        "type": "Direct",
        "requested": "[0.0.4-prerelease, )",
        "resolved": "0.0.4-prerelease",
        "contentHash": "ww0lv7O764FX420nRJ5826QfqmcKDmBDRay35ICyjWh0i8tv2QSGsp4xVXtjcWWvpS7zDH/QI4DKtzRnndQyHw=="
      },
      "HarfBuzzSharp.NativeAssets.Linux": {
        "type": "Transitive",
        "resolved": "7.3.0.3",
        "contentHash": "hkcHeTfOyIeJuPtO/QfoqkDvV/MXebZYaA/Bn/S+nXsjH3Wt9oQ6okH2kklYO+1UUdBSJFd67bi9IrpQXI2mPw==",
        "dependencies": {
          "HarfBuzzSharp": "7.3.0.3"
        }
      },
      "HarfBuzzSharp.NativeAssets.macOS": {
        "type": "Transitive",
        "resolved": "7.3.0.3",
        "contentHash": "UAwIYnkbBTzBJv1Id8FijY/i8QiIepRemSXufU8fyzwWhYJdx4+ajG8yQUie5HW/uusbVLFSr26muSlJOFDgSw=="
      },
      "HarfBuzzSharp.NativeAssets.Win32": {
        "type": "Transitive",
        "resolved": "7.3.0.3",
        "contentHash": "RPxRXD16KtSs8Yxr2RK9Qs7AwyN9MlpqZIYs0AvfaJwl7RAtVhC0+u2f2SKwX0uMYYd3O98Z+OBA1sj6aWVKQA=="
      },
      "Microsoft.Web.WebView2": {
        "type": "Transitive",
        "resolved": "1.0.3179.45",
        "contentHash": "3pokSH5CnN0G6rGhGFo1y87inxYhNxBQ2Vdf0wlvBj99KHxQJormjDACmqRnFeUsmuNFIhWwfAL1ztq7wD5qRA=="
      },
      "Microsoft.WindowsAppSDK.Foundation": {
        "type": "Transitive",
        "resolved": "1.8.260222000",
        "contentHash": "6YkttVINPZJU1wN2Mp3W9jStVxtStfZ/i/VJfRnGd+vIpBTDyNPdG4xV3Vj6Kcn4VU72fKJFhNHg6nR5t8nqEg==",
        "dependencies": {
          "Microsoft.WindowsAppSDK.Base": "1.8.251216001",
          "Microsoft.WindowsAppSDK.InteractiveExperiences": "1.8.260125001"
        }
      },
      "SkiaSharp.NativeAssets.Win32": {
        "type": "Transitive",
        "resolved": "3.119.2",
        "contentHash": "uYe+da6+GXVgPKkCopzvIZ83DmC8SXXKeUAPrNcztJNsg0SjPQAxfKMOPZqmVjbzznrq/QUIjLUlJSZV/e0IPA=="
      },
      "SkiaSharp.NativeAssets.WinUI": {
        "type": "Transitive",
        "resolved": "3.119.2",
        "contentHash": "B7sCTr9OVT1SaseTULITvUYKr+C17OBKRMWekKyyo4526/CdhX5KWEsXR0PT8eh54oYSxxCkU6PU+OSE5Wl+3g=="
      },
      "SourceGear.sqlite3": {
        "type": "Transitive",
        "resolved": "3.50.4.5",
        "contentHash": "UtnipXhJYZKQOQIfpws/msLK7IRhMplE1CZCaZLIQXRnGD474QVpO/J9nMlQQY8NZueGz1aidjoxDRnrC1NT3Q=="
      }
    }
  }
}