{
  "version": 1,
  "dependencies": {
    "net10.0-windows10.0.26100": {
      "Microsoft.DotNet.ILCompiler": {
        "type": "Direct",
        "requested": "[10.0.11, )",
        "resolved": "10.0.11",
        "contentHash": "yloFUsIQOzspIsn2cDHrbgikKaWHAZspzj0EWxnWJJpFC89IBW64OXgCECsrrnzGWQvy1iLX9r5/R4zBf7Am3g=="
      },
      "Microsoft.NET.ILLink.Tasks": {
        "type": "Direct",
        "requested": "[10.0.11, )",
        "resolved": "10.0.11",
        "contentHash": "IBf7lbovvjGWVWXZX5cJ/cO0WXbId0Zq4BuSeT94mGZuOAP66oMeH9PTBZ9Jpp3Jb6jtK0qm/NyUbPRo1gC/wQ=="
      },
      "Markdig": {
        "type": "Transitive",
        "resolved": "0.42.0",
        "contentHash": "tINdftVfbTujqfPXrQOSl9/6XCS2Y4Zwz+i7UPBgxRNnDtI1CjyQ5UA/5sKoSOmfECyWkTztY/vbcc/u1DA8nA=="
      },
      "Microsoft.Graphics.Win2D": {
        "type": "Transitive",
        "resolved": "1.4.0",
        "contentHash": "/04yyf3xEOxeBK+SXxGB6OYLjXBVuujcLQF04mREcRcBT59IMI+oDbXOZZG2c/mJL8kKFC8r3wqz6MyA6IP3oA==",
        "dependencies": {
          "Microsoft.WindowsAppSDK.WinUI": "1.8.260204000"
        }
      },
      "Microsoft.Web.WebView2": {
        "type": "Transitive",
        "resolved": "1.0.3179.45",
        "contentHash": "3pokSH5CnN0G6rGhGFo1y87inxYhNxBQ2Vdf0wlvBj99KHxQJormjDACmqRnFeUsmuNFIhWwfAL1ztq7wD5qRA=="
      },
      "Microsoft.Windows.SDK.BuildTools": {
        "type": "Transitive",
        "resolved": "10.0.28000.1721",
        "contentHash": "uZvcBnNFklWdlZXuXtb+opS5oi4TdMAsEDT9r2nbWeG1WhkWh2B6IFyHyYYLEhINkVz1HMPGKckJvNq0AaVW+w=="
      },
      "Microsoft.Windows.SDK.BuildTools.MSIX": {
        "type": "Transitive",
        "resolved": "1.7.20250829.1",
        "contentHash": "IMdvRmCIZnBS5GkYnv0po1bcx6U1OF39pqA4TphQ9evDzpCRoSE19/PkDvlUNNrBavTsLIEJgd/TAIFner75ow=="
      },
      "Microsoft.WindowsAppSDK": {
        "type": "Transitive",
        "resolved": "1.8.260710003",
        "contentHash": "PpDxUB6itxWcMXqP/fwwVJM6hmQq/PiTd9AAnpsnb1/t1JuyZaBXv0NfAd2f+NZ89RorQiJ+qVn0+fSVy5P+eQ==",
        "dependencies": {
          "Microsoft.WindowsAppSDK.AI": "[1.8.79]",
          "Microsoft.WindowsAppSDK.Base": "[1.8.251216001]",
          "Microsoft.WindowsAppSDK.DWrite": "[1.8.25122902]",
          "Microsoft.WindowsAppSDK.Foundation": "[1.8.260709000]",
          "Microsoft.WindowsAppSDK.InteractiveExperiences": "[1.8.260708001]",
          "Microsoft.WindowsAppSDK.ML": "[1.8.2197]",
          "Microsoft.WindowsAppSDK.Runtime": "[1.8.260710003]",
          "Microsoft.WindowsAppSDK.Widgets": "[1.8.251231004]",
          "Microsoft.WindowsAppSDK.WinUI": "[1.8.260709004]"
        }
      },
      "Microsoft.WindowsAppSDK.AI": {
        "type": "Transitive",
        "resolved": "1.8.79",
        "contentHash": "28lVLUoYd51EFddxC1REA0NmbrUDYaDgWVV/jQ4Dohz2qArRhXpyYCuggfvQW0D29vWzWFdMjQgNI0qP9CwYyw==",
        "dependencies": {
          "Microsoft.WindowsAppSDK.Base": "1.8.251216001",
          "Microsoft.WindowsAppSDK.Foundation": "1.8.260501000"
        }
      },
      "Microsoft.WindowsAppSDK.Base": {
        "type": "Transitive",
        "resolved": "1.8.251216001",
        "contentHash": "PS1wriuFknz3W2F2P/e6RvOTM35w89Lsj/f0QmUEPrJjKnc+jM0JLX1vfdytI14y1gNRUTm9uclwP0aH/SVU5w==",
        "dependencies": {
          "Microsoft.Windows.SDK.BuildTools": "10.0.26100.4654",
          "Microsoft.Windows.SDK.BuildTools.MSIX": "1.7.20250829.1"
        }
      },
      "Microsoft.WindowsAppSDK.DWrite": {
        "type": "Transitive",
        "resolved": "1.8.25122902",
        "contentHash": "zFNn07i7Cyz62Y8FnPQAyzeZK7ww3m9t42i9pzy4C04pNbyUDQ4fG7pB6VSh6n4EyFuYtuFQuDzt4mKmXFrkrg==",
        "dependencies": {
          "Microsoft.WindowsAppSDK.Base": "1.8.251216001"
        }
      },
      "Microsoft.WindowsAppSDK.Foundation": {
        "type": "Transitive",
        "resolved": "1.8.260709000",
        "contentHash": "bR03vDB1v6VpYQtGQzrXphrNFPsds5JBg0quQy44Hpivyed1AMBn+4AsKTaB4MwQqnA+y00VUDsGlh7sZRpGow==",
        "dependencies": {
          "Microsoft.WindowsAppSDK.Base": "1.8.251216001",
          "Microsoft.WindowsAppSDK.InteractiveExperiences": "1.8.260708001"
        }
      },
      "Microsoft.WindowsAppSDK.InteractiveExperiences": {
        "type": "Transitive",
        "resolved": "1.8.260708001",
        "contentHash": "lKvL9ArPGRhzbQwXUg7Spc8dgB7N2NnMoC6BKD9sn0Mzx9FxcJC55rohV9x52eBCfviHzrn5ZtujwORZthsqbA==",
        "dependencies": {
          "Microsoft.WindowsAppSDK.Base": "1.8.251216001"
        }
      },
      "Microsoft.WindowsAppSDK.ML": {
        "type": "Transitive",
        "resolved": "1.8.2197",
        "contentHash": "6Bc1SOLd5HicY3GbF+zr76YBfH4iZOKeEGxTK/lHKAK2ExZTWavOADxB2CKSi/irF4dWSngUdRFopWPmckJ6fA==",
        "dependencies": {
          "Microsoft.WindowsAppSDK.Base": "1.8.251216001",
          "Microsoft.WindowsAppSDK.Foundation": "1.8.260505001",
          "System.Numerics.Tensors": "9.0.0"
        }
      },
      "Microsoft.WindowsAppSDK.Runtime": {
        "type": "Transitive",
        "resolved": "1.8.260710003",
        "contentHash": "amDmthDwKB6+phmW/rRiHpvCJqmyDLs2fPvURFKss3hQuV5hAxEJIlNbKhJTZKCLJVV//AaOEKWfFDks3Ex/YA==",
        "dependencies": {
          "Microsoft.WindowsAppSDK.Base": "1.8.251216001"
        }
      },
      "Microsoft.WindowsAppSDK.Widgets": {
        "type": "Transitive",
        "resolved": "1.8.251231004",
        "contentHash": "bIWqQYR8DCoB1SoPOMil5AtgtkTn438wJTdpsHgyO/6o7Eh7PMP5BzrR0KbDsFqy+4LhPWQ4vtwko5k93fECcA==",
        "dependencies": {
          "Microsoft.WindowsAppSDK.Base": "1.8.251216001"
        }
      },
      "Microsoft.WindowsAppSDK.WinUI": {
        "type": "Transitive",
        "resolved": "1.8.260709004",
        "contentHash": "h7KVFBH1tllq3nkZbavXsjrDDBRZSRp+dhK9GQN41L/GxZpwCqQfGgTaINHHCc6hQwJpGcyPT9dVeAL/ngBoNg==",
        "dependencies": {
          "Microsoft.Web.WebView2": "1.0.3179.45",
          "Microsoft.WindowsAppSDK.Base": "1.8.251216001",
          "Microsoft.WindowsAppSDK.Foundation": "1.8.260709000",
          "Microsoft.WindowsAppSDK.InteractiveExperiences": "1.8.260708001"
        }
      },
      "System.Numerics.Tensors": {
        "type": "Transitive",
        "resolved": "9.0.0",
        "contentHash": "hyJB4UlpAi19Xr9AXzu2NuagKC4lPfHObNMEAA0HmqFz2rX7wKgzeYzO/jM/eBHDhnUGFFEjk5cOoJaxqg5J4A=="
      },
      "markdownrenderer": {
        "type": "Project",
        "dependencies": {
          "Markdig": "[0.42.0, )",
          "Microsoft.Graphics.Win2D": "[1.4.0, )",
          "Microsoft.Windows.SDK.BuildTools": "[10.0.28000.1721, )",
          "Microsoft.WindowsAppSDK": "[1.8.260710003, )"
        }
      }
    },
    "net10.0-windows10.0.26100/win-arm64": {
      "Microsoft.DotNet.ILCompiler": {
        "type": "Direct",
        "requested": "[10.0.11, )",
        "resolved": "10.0.11",
        "contentHash": "yloFUsIQOzspIsn2cDHrbgikKaWHAZspzj0EWxnWJJpFC89IBW64OXgCECsrrnzGWQvy1iLX9r5/R4zBf7Am3g==",
        "dependencies": {
          "runtime.win-arm64.Microsoft.DotNet.ILCompiler": "10.0.11"
        }
      },
      "Microsoft.Graphics.Win2D": {
        "type": "Transitive",
        "resolved": "1.4.0",
        "contentHash": "/04yyf3xEOxeBK+SXxGB6OYLjXBVuujcLQF04mREcRcBT59IMI+oDbXOZZG2c/mJL8kKFC8r3wqz6MyA6IP3oA==",
        "dependencies": {
          "Microsoft.WindowsAppSDK.WinUI": "1.8.260204000"
        }
      },
      "Microsoft.Web.WebView2": {
        "type": "Transitive",
        "resolved": "1.0.3179.45",
        "contentHash": "3pokSH5CnN0G6rGhGFo1y87inxYhNxBQ2Vdf0wlvBj99KHxQJormjDACmqRnFeUsmuNFIhWwfAL1ztq7wD5qRA=="
      },
      "Microsoft.WindowsAppSDK.Foundation": {
        "type": "Transitive",
        "resolved": "1.8.260709000",
        "contentHash": "bR03vDB1v6VpYQtGQzrXphrNFPsds5JBg0quQy44Hpivyed1AMBn+4AsKTaB4MwQqnA+y00VUDsGlh7sZRpGow==",
        "dependencies": {
          "Microsoft.WindowsAppSDK.Base": "1.8.251216001",
          "Microsoft.WindowsAppSDK.InteractiveExperiences": "1.8.260708001"
        }
      },
      "runtime.win-arm64.Microsoft.DotNet.ILCompiler": {
        "type": "Transitive",
        "resolved": "10.0.11",
        "contentHash": "vy/AJM7NafhIa+4EsJrh//5Ba3HW3purZh+KR0Bpt/R20w3s06ZrUsdwHywUs+5E7PfEtbXBcLlebKFusSLBkQ=="
      }
    },
    "net10.0-windows10.0.26100/win-x64": {
      "Microsoft.DotNet.ILCompiler": {
        "type": "Direct",
        "requested": "[10.0.11, )",
        "resolved": "10.0.11",
        "contentHash": "yloFUsIQOzspIsn2cDHrbgikKaWHAZspzj0EWxnWJJpFC89IBW64OXgCECsrrnzGWQvy1iLX9r5/R4zBf7Am3g==",
        "dependencies": {
          "runtime.win-x64.Microsoft.DotNet.ILCompiler": "10.0.11"
        }
      },
      "Microsoft.Graphics.Win2D": {
        "type": "Transitive",
        "resolved": "1.4.0",
        "contentHash": "/04yyf3xEOxeBK+SXxGB6OYLjXBVuujcLQF04mREcRcBT59IMI+oDbXOZZG2c/mJL8kKFC8r3wqz6MyA6IP3oA==",
        "dependencies": {
          "Microsoft.WindowsAppSDK.WinUI": "1.8.260204000"
        }
      },
      "Microsoft.Web.WebView2": {
        "type": "Transitive",
        "resolved": "1.0.3179.45",
        "contentHash": "3pokSH5CnN0G6rGhGFo1y87inxYhNxBQ2Vdf0wlvBj99KHxQJormjDACmqRnFeUsmuNFIhWwfAL1ztq7wD5qRA=="
      },
      "Microsoft.WindowsAppSDK.Foundation": {
        "type": "Transitive",
        "resolved": "1.8.260709000",
        "contentHash": "bR03vDB1v6VpYQtGQzrXphrNFPsds5JBg0quQy44Hpivyed1AMBn+4AsKTaB4MwQqnA+y00VUDsGlh7sZRpGow==",
        "dependencies": {
          "Microsoft.WindowsAppSDK.Base": "1.8.251216001",
          "Microsoft.WindowsAppSDK.InteractiveExperiences": "1.8.260708001"
        }
      },
      "runtime.win-x64.Microsoft.DotNet.ILCompiler": {
        "type": "Transitive",
        "resolved": "10.0.11",
        "contentHash": "D6ZKMo3NeTnos7l5S8bMmiPm4LK+y15Q/uduyPw7FX+xKbeWVWdwlcZGkLLPjLvW4ZO6o3ACanq5HsSXJgrt0g=="
      }
    },
    "net10.0-windows10.0.26100/win-x86": {
      "Microsoft.DotNet.ILCompiler": {
        "type": "Direct",
        "requested": "[10.0.11, )",
        "resolved": "10.0.11",
        "contentHash": "yloFUsIQOzspIsn2cDHrbgikKaWHAZspzj0EWxnWJJpFC89IBW64OXgCECsrrnzGWQvy1iLX9r5/R4zBf7Am3g==",
        "dependencies": {
          "runtime.win-x86.Microsoft.DotNet.ILCompiler": "10.0.11"
        }
      },
      "Microsoft.Graphics.Win2D": {
        "type": "Transitive",
        "resolved": "1.4.0",
        "contentHash": "/04yyf3xEOxeBK+SXxGB6OYLjXBVuujcLQF04mREcRcBT59IMI+oDbXOZZG2c/mJL8kKFC8r3wqz6MyA6IP3oA==",
        "dependencies": {
          "Microsoft.WindowsAppSDK.WinUI": "1.8.260204000"
        }
      },
      "Microsoft.Web.WebView2": {
        "type": "Transitive",
        "resolved": "1.0.3179.45",
        "contentHash": "3pokSH5CnN0G6rGhGFo1y87inxYhNxBQ2Vdf0wlvBj99KHxQJormjDACmqRnFeUsmuNFIhWwfAL1ztq7wD5qRA=="
      },
      "Microsoft.WindowsAppSDK.Foundation": {
        "type": "Transitive",
        "resolved": "1.8.260709000",
        "contentHash": "bR03vDB1v6VpYQtGQzrXphrNFPsds5JBg0quQy44Hpivyed1AMBn+4AsKTaB4MwQqnA+y00VUDsGlh7sZRpGow==",
        "dependencies": {
          "Microsoft.WindowsAppSDK.Base": "1.8.251216001",
          "Microsoft.WindowsAppSDK.InteractiveExperiences": "1.8.260708001"
        }
      },
      "runtime.win-x86.Microsoft.DotNet.ILCompiler": {
        "type": "Transitive",
        "resolved": "10.0.11",
        "contentHash": "Gm5p1Pg87zf+HDV0cS+niOwh4glMgZ5hnDvQ9rmXyY+tQtlKSsWcKOwHVE8rJx/eTiOiLUrbNZNw5uD//h0zlg=="
      }
    }
  }
}