{
  "version": 1,
  "dependencies": {
    ".NETStandard,Version=v2.0": {
      "NETStandard.Library": {
        "type": "Direct",
        "requested": "[2.0.3, )",
        "resolved": "2.0.3",
        "contentHash": "st47PosZSHrjECdjeIzZQbzivYBJFv6P2nv4cj2ypdI204DO+vZ7l5raGMiX4eXMJ53RfOIg+/s4DHVZ54Nu2A==",
        "dependencies": {
          "Microsoft.NETCore.Platforms": "1.1.0"
        }
      },
      "System.Memory": {
        "type": "Direct",
        "requested": "[4.6.0, 4.6.0]",
        "resolved": "4.6.0",
        "contentHash": "OEkbBQoklHngJ8UD8ez2AERSk2g+/qpAaSWWCBFbpH727HxDq5ydVkuncBaKcKfwRqXGWx64dS6G1SUScMsitg==",
        "dependencies": {
          "System.Buffers": "4.6.0",
          "System.Numerics.Vectors": "4.6.0",
          "System.Runtime.CompilerServices.Unsafe": "6.1.0"
        }
      },
      "Microsoft.NETCore.Platforms": {
        "type": "Transitive",
        "resolved": "1.1.0",
        "contentHash": "kz0PEW2lhqygehI/d6XsPCQzD7ff7gUJaVGPVETX611eadGsA3A877GdSlU0LRVMCTH/+P3o2iDTak+S08V2+A=="
      },
      "System.Buffers": {
        "type": "Transitive",
        "resolved": "4.6.0",
        "contentHash": "lN6tZi7Q46zFzAbRYXTIvfXcyvQQgxnY7Xm6C6xQ9784dEL1amjM6S6Iw4ZpsvesAKnRVsM4scrDQaDqSClkjA=="
      },
      "System.Numerics.Vectors": {
        "type": "Transitive",
        "resolved": "4.6.0",
        "contentHash": "t+SoieZsRuEyiw/J+qXUbolyO219tKQQI0+2/YI+Qv7YdGValA6WiuokrNKqjrTNsy5ABWU11bdKOzUdheteXg=="
      },
      "System.Runtime.CompilerServices.Unsafe": {
        "type": "Transitive",
        "resolved": "6.1.0",
        "contentHash": "5o/HZxx6RVqYlhKSq8/zronDkALJZUT2Vz0hx43f0gwe8mwlM0y2nYlqdBwLMzr262Bwvpikeb/yEwkAa5PADg=="
      }
    }
  }
}